
Microsoft Visual Studio Solution File, Format Version 12.00
# Visual Studio Version 16
VisualStudioVersion = 16.0.31129.286
MinimumVisualStudioVersion = 10.0.40219.1
Project("{8BC9CEB8-8B4A-11D0-8D11-00A0C91BC942}") = "7748", "7748\7748.vcxproj", "{364DBD0D-F42E-4EB6-AF25-ECC637F57922}"
EndProject
Project("{8BC9CEB8-8B4A-11D0-8D11-00A0C91BC942}") = "15130", "15150\15150.vcxproj", "{8E8251C2-F917-4DF1-8655-2590DDB18815}"
EndProject
Project("{8BC9CEB8-8B4A-11D0-8D11-00A0C91BC942}") = "15640", "15640\15640.vcxproj", "{E5159A29-3AD4-4698-8B19-E3361269B7B0}"
EndProject
Project("{8BC9CEB8-8B4A-11D0-8D11-00A0C91BC942}") = "15650", "15650\15650.vcxproj", "{D20D0C67-712F-4FDD-BFE0-D6501A128B12}"
EndProject
Project("{8BC9CEB8-8B4A-11D0-8D11-00A0C91BC942}") = "12642", "12642\12642.vcxproj", "{ABD6A0B9-D1A6-4942-AFF7-96D14F4D9EEA}"
EndProject
Project("{8BC9CEB8-8B4A-11D0-8D11-00A0C91BC942}") = "자료구조maximum", "자료구조maximum\자료구조maximum.vcxproj", "{0D0B1418-7EDB-406E-AF3D-E7B0C25CFB42}"
EndProject
Project("{8BC9CEB8-8B4A-11D0-8D11-00A0C91BC942}") = "17180", "17180\17180.vcxproj", "{481D4E48-1642-4CDD-B37F-9A8E490E107D}"
EndProject
Project("{8BC9CEB8-8B4A-11D0-8D11-00A0C91BC942}") = "Frame", "Frame\Frame.vcxproj", "{C65C246E-0699-4506-A3B4-F3492FF4778F}"
EndProject
Project("{8BC9CEB8-8B4A-11D0-8D11-00A0C91BC942}") = "17190", "17190\17190.vcxproj", "{8D31A3CA-A2D1-4812-9910-A826A4069FC9}"
EndProject
Project("{8BC9CEB8-8B4A-11D0-8D11-00A0C91BC942}") = "17200", "17200\17200.vcxproj", "{EF48FC2E-A7B7-405D-9B13-84E6236E05C0}"
EndProject
Project("{8BC9CEB8-8B4A-11D0-8D11-00A0C91BC942}") = "17210", "17210\17210.vcxproj", "{06305126-022F-4BFF-9023-0D06B79EFCE3}"
EndProject
Project("{8BC9CEB8-8B4A-11D0-8D11-00A0C91BC942}") = "17230", "17230\17230.vcxproj", "{E1E217EA-940A-43F4-99AD-96A57599583C}"
EndProject
Project("{8BC9CEB8-8B4A-11D0-8D11-00A0C91BC942}") = "17250", "17250\17250.vcxproj", "{07337A93-67C8-4038-BD08-E1056E490FFB}"
EndProject
Project("{8BC9CEB8-8B4A-11D0-8D11-00A0C91BC942}") = "19070", "19070\19070.vcxproj", "{4523E104-E13F-421D-AC93-91A0C673E8CF}"
EndProject
Project("{8BC9CEB8-8B4A-11D0-8D11-00A0C91BC942}") = "17330", "17330\17330.vcxproj", "{E072E549-2163-4658-8B66-B4C3F4689585}"
EndProject
Project("{8BC9CEB8-8B4A-11D0-8D11-00A0C91BC942}") = "17510", "17510\17510.vcxproj", "{4F852952-2878-4484-9C65-1079E56FA392}"
EndProject
Project("{8BC9CEB8-8B4A-11D0-8D11-00A0C91BC942}") = "17520", "17520\17520.vcxproj", "{28B7C44F-016E-4FEC-9432-B76EB1238F4A}"
EndProject
Project("{8BC9CEB8-8B4A-11D0-8D11-00A0C91BC942}") = "fortest", "fortest\fortest.vcxproj", "{61062E9A-1EB6-4340-8C77-B598281064CD}"
EndProject
Project("{8BC9CEB8-8B4A-11D0-8D11-00A0C91BC942}") = "17910", "17910\17910.vcxproj", "{BAAF9DA9-AC41-44F9-8FE6-9694E53B7922}"
EndProject
Project("{8BC9CEB8-8B4A-11D0-8D11-00A0C91BC942}") = "16670", "16670\16670.vcxproj", "{58E5B7BE-6DD6-47A6-AA6D-5107414DB1ED}"
EndProject
Project("{8BC9CEB8-8B4A-11D0-8D11-00A0C91BC942}") = "16680", "16680\16680.vcxproj", "{256DF216-8E49-4160-BA9B-E41850F4D8B4}"
EndProject
Project("{8BC9CEB8-8B4A-11D0-8D11-00A0C91BC942}") = "16690", "16690\16690.vcxproj", "{332B2F5E-E867-4247-86EB-B67C465FB59B}"
EndProject
Project("{8BC9CEB8-8B4A-11D0-8D11-00A0C91BC942}") = "16730", "16730\16730.vcxproj", "{C3BC67AC-366B-4220-AFB2-82DD51F8D0C3}"
EndProject
Project("{8BC9CEB8-8B4A-11D0-8D11-00A0C91BC942}") = "17220", "17220\17220.vcxproj", "{2D270543-F9B1-4653-BCD2-C713ABB08811}"
EndProject
Project("{8BC9CEB8-8B4A-11D0-8D11-00A0C91BC942}") = "17221", "17221\17221.vcxproj", "{9A8B1654-63A8-433A-A461-831470437D85}"
EndProject
Project("{8BC9CEB8-8B4A-11D0-8D11-00A0C91BC942}") = "16734", "16734\16734.vcxproj", "{EB46924E-AC74-46AD-9D13-02282A5300A3}"
EndProject
Project("{8BC9CEB8-8B4A-11D0-8D11-00A0C91BC942}") = "18120", "18120\18120.vcxproj", "{23440BDB-D238-4778-98B4-A80C4B04978D}"
EndProject
Project("{8BC9CEB8-8B4A-11D0-8D11-00A0C91BC942}") = "18130", "18130\18130.vcxproj", "{A5FAB08E-0E7B-48A9-B3D6-2D4ED4B04184}"
EndProject
Project("{8BC9CEB8-8B4A-11D0-8D11-00A0C91BC942}") = "18160", "18160\18160.vcxproj", "{1EA10E2C-91EF-48F3-9774-40805EC57A04}"
EndProject
Project("{8BC9CEB8-8B4A-11D0-8D11-00A0C91BC942}") = "18180", "18180\18180.vcxproj", "{08AF2CD7-6103-4AE2-90C5-810C278C5CEE}"
EndProject
Project("{8BC9CEB8-8B4A-11D0-8D11-00A0C91BC942}") = "18220", "18220\18220.vcxproj", "{50ADE0D5-50DB-4D1A-B806-FAEAE1EAF356}"
EndProject
Project("{8BC9CEB8-8B4A-11D0-8D11-00A0C91BC942}") = "18580", "18580\18580.vcxproj", "{DE0C3014-B53D-488F-BCEE-84C92125F6C7}"
EndProject
Project("{8BC9CEB8-8B4A-11D0-8D11-00A0C91BC942}") = "18680", "18680\18680.vcxproj", "{93D9FF89-7AA5-4E32-9FC1-3D055CA2D09A}"
EndProject
Project("{8BC9CEB8-8B4A-11D0-8D11-00A0C91BC942}") = "18790", "18790\18790.vcxproj", "{43C3EA0F-81A9-493B-924C-EB8A21D8A146}"
EndProject
Project("{8BC9CEB8-8B4A-11D0-8D11-00A0C91BC942}") = "18800", "18800\18800.vcxproj", "{BE52E370-0383-4A9A-971D-9176EAED30B2}"
EndProject
Project("{8BC9CEB8-8B4A-11D0-8D11-00A0C91BC942}") = "18869", "18869\18869.vcxproj", "{D6F940E0-85AD-4F31-B7ED-0703566194F6}"
EndProject
Project("{8BC9CEB8-8B4A-11D0-8D11-00A0C91BC942}") = "18873", "18873\18873.vcxproj", "{FD6DF295-FC72-4E1D-A673-CACD5B151574}"
EndProject
Project("{8BC9CEB8-8B4A-11D0-8D11-00A0C91BC942}") = "21115", "21115\21115.vcxproj", "{427476F4-F7EC-4F06-897A-5C7CB641C78D}"
EndProject
Project("{8BC9CEB8-8B4A-11D0-8D11-00A0C91BC942}") = "21120", "21120\21120.vcxproj", "{66BC76CE-423B-462B-B709-D1038FB9FEB0}"
EndProject
Project("{8BC9CEB8-8B4A-11D0-8D11-00A0C91BC942}") = "21140", "21140\21140.vcxproj", "{8B863FB3-32BC-49AB-A7F4-BFB1C261395B}"
EndProject
Project("{8BC9CEB8-8B4A-11D0-8D11-00A0C91BC942}") = "21150", "21150\21150.vcxproj", "{C6AA4979-8C5B-4DC8-9B0A-0CC8F6F5741D}"
EndProject
Project("{8BC9CEB8-8B4A-11D0-8D11-00A0C91BC942}") = "21110", "21110\21110.vcxproj", "{E7120029-D4CA-43A0-9FBD-7AB2E3A15B09}"
EndProject
Project("{8BC9CEB8-8B4A-11D0-8D11-00A0C91BC942}") = "21220", "21220\21220.vcxproj", "{C861768F-F662-4AE5-9BC4-F471F8DCEB6E}"
EndProject
Project("{8BC9CEB8-8B4A-11D0-8D11-00A0C91BC942}") = "오목", "오목\오목.vcxproj", "{BE2CC15B-047E-4BF4-90B6-AD3E06C24E4D}"
EndProject
Project("{8BC9CEB8-8B4A-11D0-8D11-00A0C91BC942}") = "21170", "21170\21170.vcxproj", "{6B39AEF8-5639-441B-A880-B3F9E88A075B}"
EndProject
Project("{8BC9CEB8-8B4A-11D0-8D11-00A0C91BC942}") = "23170", "23170\23170.vcxproj", "{F1D11EE1-8656-4524-B011-DF5A2AF32910}"
EndProject
Project("{8BC9CEB8-8B4A-11D0-8D11-00A0C91BC942}") = "23180", "23180\23180.vcxproj", "{9B8B3163-43ED-4708-9ED0-D19685A451EA}"
EndProject
Project("{8BC9CEB8-8B4A-11D0-8D11-00A0C91BC942}") = "24120", "24120\24120.vcxproj", "{6B83A52E-5368-44DC-BDC3-18484374A153}"
EndProject
Project("{8BC9CEB8-8B4A-11D0-8D11-00A0C91BC942}") = "24150", "24150\24150.vcxproj", "{9E6E2C2D-E617-4963-95C2-9BB032253320}"
EndProject
Project("{8BC9CEB8-8B4A-11D0-8D11-00A0C91BC942}") = "23140", "파일내용출력\파일내용출력.vcxproj", "{B1F2A051-7E83-4827-B850-D51E3C6097FA}"
EndProject
Project("{8BC9CEB8-8B4A-11D0-8D11-00A0C91BC942}") = "25120", "25120\25120.vcxproj", "{E0309902-2C43-42CA-86F2-5151141570D2}"
EndProject
Project("{8BC9CEB8-8B4A-11D0-8D11-00A0C91BC942}") = "25130", "25130\25130.vcxproj", "{7DFA0AA9-34A7-4F95-8352-8A64CCF886C9}"
EndProject
Project("{8BC9CEB8-8B4A-11D0-8D11-00A0C91BC942}") = "25135", "25135\25135.vcxproj", "{6BC5260B-9E3D-4CED-ABD4-EAC3FBB48126}"
EndProject
Project("{8BC9CEB8-8B4A-11D0-8D11-00A0C91BC942}") = "25140", "25140\25140.vcxproj", "{C9CD0D66-A335-413A-9670-69161E381E3A}"
EndProject
Project("{8BC9CEB8-8B4A-11D0-8D11-00A0C91BC942}") = "25180", "25180\25180.vcxproj", "{13690670-C86B-4F53-9955-5EDA19512495}"
EndProject
Project("{8BC9CEB8-8B4A-11D0-8D11-00A0C91BC942}") = "25190", "25190\25190.vcxproj", "{EC19FFEA-980D-4C43-A98F-329AC7611178}"
EndProject
Project("{2150E333-8FDC-42A3-9474-1A3956D46DE8}") = "~1XXXX", "~1XXXX", "{8D12F6D2-817D-46A0-ABA6-B6A49844627E}"
EndProject
Project("{2150E333-8FDC-42A3-9474-1A3956D46DE8}") = "~2XXXX", "~2XXXX", "{614A7EDD-B013-4695-AD51-C1F80676D979}"
EndProject
Project("{8BC9CEB8-8B4A-11D0-8D11-00A0C91BC942}") = "27125", "27125\27125.vcxproj", "{D7C40E44-02E2-4C3A-B1EF-E556FBD53EB2}"
EndProject
Project("{8BC9CEB8-8B4A-11D0-8D11-00A0C91BC942}") = "27140", "27140\27140.vcxproj", "{99B98DAC-FA5E-48C3-8878-55E616F8FD6C}"
EndProject
Project("{8BC9CEB8-8B4A-11D0-8D11-00A0C91BC942}") = "27565", "27565\27565.vcxproj", "{EF6AEED3-507D-4283-BF61-79A913312436}"
EndProject
Project("{8BC9CEB8-8B4A-11D0-8D11-00A0C91BC942}") = "27570", "27570\27570.vcxproj", "{A5A327B5-75C9-4817-A095-F76C4E6011E9}"
EndProject
Project("{8BC9CEB8-8B4A-11D0-8D11-00A0C91BC942}") = "Linked list API(SSM)", "Linked list API(SSM)\Linked list API(SSM).vcxproj", "{F9E9DED5-F86A-46B0-A2C8-F547E26A6597}"
EndProject
Project("{8BC9CEB8-8B4A-11D0-8D11-00A0C91BC942}") = "27160", "27160\27160.vcxproj", "{05474845-3533-473A-A10C-953FECF58EAF}"
EndProject
Project("{8BC9CEB8-8B4A-11D0-8D11-00A0C91BC942}") = "27170", "27170\27170.vcxproj", "{E3F88D47-AB0A-4F29-9313-49DC467648F4}"
EndProject
Project("{8BC9CEB8-8B4A-11D0-8D11-00A0C91BC942}") = "27180", "27180\27180.vcxproj", "{146EA9C0-2E40-42BE-A3A9-C80E63A78C01}"
EndProject
Project("{2150E333-8FDC-42A3-9474-1A3956D46DE8}") = "자료구조", "자료구조", "{2536D2CA-174F-4D49-AB58-C97EA9D7E655}"
EndProject
Project("{8BC9CEB8-8B4A-11D0-8D11-00A0C91BC942}") = "binarytree_by_doublelinkedlist", "binarytree_by_doublelinkedlist\binarytree_by_doublelinkedlist.vcxproj", "{AFEAE42F-233A-46F0-B1C7-CEBCFCEA6739}"
EndProject
Project("{8BC9CEB8-8B4A-11D0-8D11-00A0C91BC942}") = "Linkedlist_by_pointer", "linkedlist_by_pointer\linkedlist_by_pointer.vcxproj", "{79459576-B6E1-4E2A-8442-04C73E4CB65C}"
EndProject
Project("{8BC9CEB8-8B4A-11D0-8D11-00A0C91BC942}") = "preinpost_by_array", "preinpost_by_array\preinpost_by_array.vcxproj", "{44B69AE8-97E0-4E9F-BF67-38B6F67910BD}"
EndProject
Project("{8BC9CEB8-8B4A-11D0-8D11-00A0C91BC942}") = "preinpost_by_linkedlist", "preinpost_by_linkedlist\preinpost_by_linkedlist.vcxproj", "{993F3CB5-E22C-4A42-B396-AEE84A6D67D5}"
EndProject
Project("{8BC9CEB8-8B4A-11D0-8D11-00A0C91BC942}") = "28580", "28580\28580.vcxproj", "{37FCE365-5FB1-4054-9BAD-45A6E32787A8}"
EndProject
Project("{8BC9CEB8-8B4A-11D0-8D11-00A0C91BC942}") = "28600", "28600\28600.vcxproj", "{CF5B7708-1663-4024-938F-B615C98657AE}"
EndProject
Project("{8BC9CEB8-8B4A-11D0-8D11-00A0C91BC942}") = "28610", "28610\28610.vcxproj", "{5A6D11CB-1FFB-43B7-9343-46A1D23A21B7}"
EndProject
Project("{8BC9CEB8-8B4A-11D0-8D11-00A0C91BC942}") = "28660", "28660\28660.vcxproj", "{993BB99B-C3E2-471C-B8B9-F06154AD79F7}"
EndProject
Project("{8BC9CEB8-8B4A-11D0-8D11-00A0C91BC942}") = "28800", "28800\28800.vcxproj", "{8866DE4C-E75F-4072-92D2-6C26CC7BE503}"
EndProject
Project("{8BC9CEB8-8B4A-11D0-8D11-00A0C91BC942}") = "28660-1", "28660-1\28660-1.vcxproj", "{3BA88AB0-5C11-4438-85C5-D1A070EB997C}"
EndProject
Project("{8BC9CEB8-8B4A-11D0-8D11-00A0C91BC942}") = "26120", "26120\26120.vcxproj", "{5ABE5BE9-27BE-4377-9E44-69D3EA253AC0}"
EndProject
Project("{8BC9CEB8-8B4A-11D0-8D11-00A0C91BC942}") = "26140", "26140\26140.vcxproj", "{48A7BE3E-A5E7-4668-86BA-A4C0A0A021DF}"
EndProject
Project("{8BC9CEB8-8B4A-11D0-8D11-00A0C91BC942}") = "26150", "26150\26150.vcxproj", "{11F5D2FD-6C09-4632-8B74-FC55C58DB6AE}"
EndProject
Project("{8BC9CEB8-8B4A-11D0-8D11-00A0C91BC942}") = "26160", "26160\26160.vcxproj", "{21612463-FCD2-4410-864B-649A04750EA5}"
EndProject
Project("{8BC9CEB8-8B4A-11D0-8D11-00A0C91BC942}") = "26610", "26610\26610.vcxproj", "{190C8A31-A1F2-4033-A59B-68333A225EF0}"
EndProject
Project("{8BC9CEB8-8B4A-11D0-8D11-00A0C91BC942}") = "포인터로문자열맞바꾸기", "포인터로문자열맞바꾸기\포인터로문자열맞바꾸기.vcxproj", "{046E636F-63B7-4300-B5C3-995BC657CC0D}"
EndProject
Global
	GlobalSection(SolutionConfigurationPlatforms) = preSolution
		Debug|x64 = Debug|x64
		Debug|x86 = Debug|x86
		Release|x64 = Release|x64
		Release|x86 = Release|x86
	EndGlobalSection
	GlobalSection(ProjectConfigurationPlatforms) = postSolution
		{364DBD0D-F42E-4EB6-AF25-ECC637F57922}.Debug|x64.ActiveCfg = Debug|x64
		{364DBD0D-F42E-4EB6-AF25-ECC637F57922}.Debug|x64.Build.0 = Debug|x64
		{364DBD0D-F42E-4EB6-AF25-ECC637F57922}.Debug|x86.ActiveCfg = Debug|Win32
		{364DBD0D-F42E-4EB6-AF25-ECC637F57922}.Debug|x86.Build.0 = Debug|Win32
		{364DBD0D-F42E-4EB6-AF25-ECC637F57922}.Release|x64.ActiveCfg = Release|x64
		{364DBD0D-F42E-4EB6-AF25-ECC637F57922}.Release|x64.Build.0 = Release|x64
		{364DBD0D-F42E-4EB6-AF25-ECC637F57922}.Release|x86.ActiveCfg = Release|Win32
		{364DBD0D-F42E-4EB6-AF25-ECC637F57922}.Release|x86.Build.0 = Release|Win32
		{8E8251C2-F917-4DF1-8655-2590DDB18815}.Debug|x64.ActiveCfg = Debug|x64
		{8E8251C2-F917-4DF1-8655-2590DDB18815}.Debug|x64.Build.0 = Debug|x64
		{8E8251C2-F917-4DF1-8655-2590DDB18815}.Debug|x86.ActiveCfg = Debug|Win32
		{8E8251C2-F917-4DF1-8655-2590DDB18815}.Debug|x86.Build.0 = Debug|Win32
		{8E8251C2-F917-4DF1-8655-2590DDB18815}.Release|x64.ActiveCfg = Release|x64
		{8E8251C2-F917-4DF1-8655-2590DDB18815}.Release|x64.Build.0 = Release|x64
		{8E8251C2-F917-4DF1-8655-2590DDB18815}.Release|x86.ActiveCfg = Release|Win32
		{8E8251C2-F917-4DF1-8655-2590DDB18815}.Release|x86.Build.0 = Release|Win32
		{E5159A29-3AD4-4698-8B19-E3361269B7B0}.Debug|x64.ActiveCfg = Debug|x64
		{E5159A29-3AD4-4698-8B19-E3361269B7B0}.Debug|x64.Build.0 = Debug|x64
		{E5159A29-3AD4-4698-8B19-E3361269B7B0}.Debug|x86.ActiveCfg = Debug|Win32
		{E5159A29-3AD4-4698-8B19-E3361269B7B0}.Debug|x86.Build.0 = Debug|Win32
		{E5159A29-3AD4-4698-8B19-E3361269B7B0}.Release|x64.ActiveCfg = Release|x64
		{E5159A29-3AD4-4698-8B19-E3361269B7B0}.Release|x64.Build.0 = Release|x64
		{E5159A29-3AD4-4698-8B19-E3361269B7B0}.Release|x86.ActiveCfg = Release|Win32
		{E5159A29-3AD4-4698-8B19-E3361269B7B0}.Release|x86.Build.0 = Release|Win32
		{D20D0C67-712F-4FDD-BFE0-D6501A128B12}.Debug|x64.ActiveCfg = Debug|x64
		{D20D0C67-712F-4FDD-BFE0-D6501A128B12}.Debug|x64.Build.0 = Debug|x64
		{D20D0C67-712F-4FDD-BFE0-D6501A128B12}.Debug|x86.ActiveCfg = Debug|Win32
		{D20D0C67-712F-4FDD-BFE0-D6501A128B12}.Debug|x86.Build.0 = Debug|Win32
		{D20D0C67-712F-4FDD-BFE0-D6501A128B12}.Release|x64.ActiveCfg = Release|x64
		{D20D0C67-712F-4FDD-BFE0-D6501A128B12}.Release|x64.Build.0 = Release|x64
		{D20D0C67-712F-4FDD-BFE0-D6501A128B12}.Release|x86.ActiveCfg = Release|Win32
		{D20D0C67-712F-4FDD-BFE0-D6501A128B12}.Release|x86.Build.0 = Release|Win32
		{ABD6A0B9-D1A6-4942-AFF7-96D14F4D9EEA}.Debug|x64.ActiveCfg = Debug|x64
		{ABD6A0B9-D1A6-4942-AFF7-96D14F4D9EEA}.Debug|x64.Build.0 = Debug|x64
		{ABD6A0B9-D1A6-4942-AFF7-96D14F4D9EEA}.Debug|x86.ActiveCfg = Debug|Win32
		{ABD6A0B9-D1A6-4942-AFF7-96D14F4D9EEA}.Debug|x86.Build.0 = Debug|Win32
		{ABD6A0B9-D1A6-4942-AFF7-96D14F4D9EEA}.Release|x64.ActiveCfg = Release|x64
		{ABD6A0B9-D1A6-4942-AFF7-96D14F4D9EEA}.Release|x64.Build.0 = Release|x64
		{ABD6A0B9-D1A6-4942-AFF7-96D14F4D9EEA}.Release|x86.ActiveCfg = Release|Win32
		{ABD6A0B9-D1A6-4942-AFF7-96D14F4D9EEA}.Release|x86.Build.0 = Release|Win32
		{0D0B1418-7EDB-406E-AF3D-E7B0C25CFB42}.Debug|x64.ActiveCfg = Debug|x64
		{0D0B1418-7EDB-406E-AF3D-E7B0C25CFB42}.Debug|x64.Build.0 = Debug|x64
		{0D0B1418-7EDB-406E-AF3D-E7B0C25CFB42}.Debug|x86.ActiveCfg = Debug|Win32
		{0D0B1418-7EDB-406E-AF3D-E7B0C25CFB42}.Debug|x86.Build.0 = Debug|Win32
		{0D0B1418-7EDB-406E-AF3D-E7B0C25CFB42}.Release|x64.ActiveCfg = Release|x64
		{0D0B1418-7EDB-406E-AF3D-E7B0C25CFB42}.Release|x64.Build.0 = Release|x64
		{0D0B1418-7EDB-406E-AF3D-E7B0C25CFB42}.Release|x86.ActiveCfg = Release|Win32
		{0D0B1418-7EDB-406E-AF3D-E7B0C25CFB42}.Release|x86.Build.0 = Release|Win32
		{481D4E48-1642-4CDD-B37F-9A8E490E107D}.Debug|x64.ActiveCfg = Debug|x64
		{481D4E48-1642-4CDD-B37F-9A8E490E107D}.Debug|x64.Build.0 = Debug|x64
		{481D4E48-1642-4CDD-B37F-9A8E490E107D}.Debug|x86.ActiveCfg = Debug|Win32
		{481D4E48-1642-4CDD-B37F-9A8E490E107D}.Debug|x86.Build.0 = Debug|Win32
		{481D4E48-1642-4CDD-B37F-9A8E490E107D}.Release|x64.ActiveCfg = Release|x64
		{481D4E48-1642-4CDD-B37F-9A8E490E107D}.Release|x64.Build.0 = Release|x64
		{481D4E48-1642-4CDD-B37F-9A8E490E107D}.Release|x86.ActiveCfg = Release|Win32
		{481D4E48-1642-4CDD-B37F-9A8E490E107D}.Release|x86.Build.0 = Release|Win32
		{C65C246E-0699-4506-A3B4-F3492FF4778F}.Debug|x64.ActiveCfg = Debug|x64
		{C65C246E-0699-4506-A3B4-F3492FF4778F}.Debug|x64.Build.0 = Debug|x64
		{C65C246E-0699-4506-A3B4-F3492FF4778F}.Debug|x86.ActiveCfg = Debug|Win32
		{C65C246E-0699-4506-A3B4-F3492FF4778F}.Debug|x86.Build.0 = Debug|Win32
		{C65C246E-0699-4506-A3B4-F3492FF4778F}.Release|x64.ActiveCfg = Release|x64
		{C65C246E-0699-4506-A3B4-F3492FF4778F}.Release|x64.Build.0 = Release|x64
		{C65C246E-0699-4506-A3B4-F3492FF4778F}.Release|x86.ActiveCfg = Release|Win32
		{C65C246E-0699-4506-A3B4-F3492FF4778F}.Release|x86.Build.0 = Release|Win32
		{8D31A3CA-A2D1-4812-9910-A826A4069FC9}.Debug|x64.ActiveCfg = Debug|x64
		{8D31A3CA-A2D1-4812-9910-A826A4069FC9}.Debug|x64.Build.0 = Debug|x64
		{8D31A3CA-A2D1-4812-9910-A826A4069FC9}.Debug|x86.ActiveCfg = Debug|Win32
		{8D31A3CA-A2D1-4812-9910-A826A4069FC9}.Debug|x86.Build.0 = Debug|Win32
		{8D31A3CA-A2D1-4812-9910-A826A4069FC9}.Release|x64.ActiveCfg = Release|x64
		{8D31A3CA-A2D1-4812-9910-A826A4069FC9}.Release|x64.Build.0 = Release|x64
		{8D31A3CA-A2D1-4812-9910-A826A4069FC9}.Release|x86.ActiveCfg = Release|Win32
		{8D31A3CA-A2D1-4812-9910-A826A4069FC9}.Release|x86.Build.0 = Release|Win32
		{EF48FC2E-A7B7-405D-9B13-84E6236E05C0}.Debug|x64.ActiveCfg = Debug|x64
		{EF48FC2E-A7B7-405D-9B13-84E6236E05C0}.Debug|x64.Build.0 = Debug|x64
		{EF48FC2E-A7B7-405D-9B13-84E6236E05C0}.Debug|x86.ActiveCfg = Debug|Win32
		{EF48FC2E-A7B7-405D-9B13-84E6236E05C0}.Debug|x86.Build.0 = Debug|Win32
		{EF48FC2E-A7B7-405D-9B13-84E6236E05C0}.Release|x64.ActiveCfg = Release|x64
		{EF48FC2E-A7B7-405D-9B13-84E6236E05C0}.Release|x64.Build.0 = Release|x64
		{EF48FC2E-A7B7-405D-9B13-84E6236E05C0}.Release|x86.ActiveCfg = Release|Win32
		{EF48FC2E-A7B7-405D-9B13-84E6236E05C0}.Release|x86.Build.0 = Release|Win32
		{06305126-022F-4BFF-9023-0D06B79EFCE3}.Debug|x64.ActiveCfg = Debug|x64
		{06305126-022F-4BFF-9023-0D06B79EFCE3}.Debug|x64.Build.0 = Debug|x64
		{06305126-022F-4BFF-9023-0D06B79EFCE3}.Debug|x86.ActiveCfg = Debug|Win32
		{06305126-022F-4BFF-9023-0D06B79EFCE3}.Debug|x86.Build.0 = Debug|Win32
		{06305126-022F-4BFF-9023-0D06B79EFCE3}.Release|x64.ActiveCfg = Release|x64
		{06305126-022F-4BFF-9023-0D06B79EFCE3}.Release|x64.Build.0 = Release|x64
		{06305126-022F-4BFF-9023-0D06B79EFCE3}.Release|x86.ActiveCfg = Release|Win32
		{06305126-022F-4BFF-9023-0D06B79EFCE3}.Release|x86.Build.0 = Release|Win32
		{E1E217EA-940A-43F4-99AD-96A57599583C}.Debug|x64.ActiveCfg = Debug|x64
		{E1E217EA-940A-43F4-99AD-96A57599583C}.Debug|x64.Build.0 = Debug|x64
		{E1E217EA-940A-43F4-99AD-96A57599583C}.Debug|x86.ActiveCfg = Debug|Win32
		{E1E217EA-940A-43F4-99AD-96A57599583C}.Debug|x86.Build.0 = Debug|Win32
		{E1E217EA-940A-43F4-99AD-96A57599583C}.Release|x64.ActiveCfg = Release|x64
		{E1E217EA-940A-43F4-99AD-96A57599583C}.Release|x64.Build.0 = Release|x64
		{E1E217EA-940A-43F4-99AD-96A57599583C}.Release|x86.ActiveCfg = Release|Win32
		{E1E217EA-940A-43F4-99AD-96A57599583C}.Release|x86.Build.0 = Release|Win32
		{07337A93-67C8-4038-BD08-E1056E490FFB}.Debug|x64.ActiveCfg = Debug|x64
		{07337A93-67C8-4038-BD08-E1056E490FFB}.Debug|x64.Build.0 = Debug|x64
		{07337A93-67C8-4038-BD08-E1056E490FFB}.Debug|x86.ActiveCfg = Debug|Win32
		{07337A93-67C8-4038-BD08-E1056E490FFB}.Debug|x86.Build.0 = Debug|Win32
		{07337A93-67C8-4038-BD08-E1056E490FFB}.Release|x64.ActiveCfg = Release|x64
		{07337A93-67C8-4038-BD08-E1056E490FFB}.Release|x64.Build.0 = Release|x64
		{07337A93-67C8-4038-BD08-E1056E490FFB}.Release|x86.ActiveCfg = Release|Win32
		{07337A93-67C8-4038-BD08-E1056E490FFB}.Release|x86.Build.0 = Release|Win32
		{4523E104-E13F-421D-AC93-91A0C673E8CF}.Debug|x64.ActiveCfg = Debug|x64
		{4523E104-E13F-421D-AC93-91A0C673E8CF}.Debug|x64.Build.0 = Debug|x64
		{4523E104-E13F-421D-AC93-91A0C673E8CF}.Debug|x86.ActiveCfg = Debug|Win32
		{4523E104-E13F-421D-AC93-91A0C673E8CF}.Debug|x86.Build.0 = Debug|Win32
		{4523E104-E13F-421D-AC93-91A0C673E8CF}.Release|x64.ActiveCfg = Release|x64
		{4523E104-E13F-421D-AC93-91A0C673E8CF}.Release|x64.Build.0 = Release|x64
		{4523E104-E13F-421D-AC93-91A0C673E8CF}.Release|x86.ActiveCfg = Release|Win32
		{4523E104-E13F-421D-AC93-91A0C673E8CF}.Release|x86.Build.0 = Release|Win32
		{E072E549-2163-4658-8B66-B4C3F4689585}.Debug|x64.ActiveCfg = Debug|x64
		{E072E549-2163-4658-8B66-B4C3F4689585}.Debug|x64.Build.0 = Debug|x64
		{E072E549-2163-4658-8B66-B4C3F4689585}.Debug|x86.ActiveCfg = Debug|Win32
		{E072E549-2163-4658-8B66-B4C3F4689585}.Debug|x86.Build.0 = Debug|Win32
		{E072E549-2163-4658-8B66-B4C3F4689585}.Release|x64.ActiveCfg = Release|x64
		{E072E549-2163-4658-8B66-B4C3F4689585}.Release|x64.Build.0 = Release|x64
		{E072E549-2163-4658-8B66-B4C3F4689585}.Release|x86.ActiveCfg = Release|Win32
		{E072E549-2163-4658-8B66-B4C3F4689585}.Release|x86.Build.0 = Release|Win32
		{4F852952-2878-4484-9C65-1079E56FA392}.Debug|x64.ActiveCfg = Debug|x64
		{4F852952-2878-4484-9C65-1079E56FA392}.Debug|x64.Build.0 = Debug|x64
		{4F852952-2878-4484-9C65-1079E56FA392}.Debug|x86.ActiveCfg = Debug|Win32
		{4F852952-2878-4484-9C65-1079E56FA392}.Debug|x86.Build.0 = Debug|Win32
		{4F852952-2878-4484-9C65-1079E56FA392}.Release|x64.ActiveCfg = Release|x64
		{4F852952-2878-4484-9C65-1079E56FA392}.Release|x64.Build.0 = Release|x64
		{4F852952-2878-4484-9C65-1079E56FA392}.Release|x86.ActiveCfg = Release|Win32
		{4F852952-2878-4484-9C65-1079E56FA392}.Release|x86.Build.0 = Release|Win32
		{28B7C44F-016E-4FEC-9432-B76EB1238F4A}.Debug|x64.ActiveCfg = Debug|x64
		{28B7C44F-016E-4FEC-9432-B76EB1238F4A}.Debug|x64.Build.0 = Debug|x64
		{28B7C44F-016E-4FEC-9432-B76EB1238F4A}.Debug|x86.ActiveCfg = Debug|Win32
		{28B7C44F-016E-4FEC-9432-B76EB1238F4A}.Debug|x86.Build.0 = Debug|Win32
		{28B7C44F-016E-4FEC-9432-B76EB1238F4A}.Release|x64.ActiveCfg = Release|x64
		{28B7C44F-016E-4FEC-9432-B76EB1238F4A}.Release|x64.Build.0 = Release|x64
		{28B7C44F-016E-4FEC-9432-B76EB1238F4A}.Release|x86.ActiveCfg = Release|Win32
		{28B7C44F-016E-4FEC-9432-B76EB1238F4A}.Release|x86.Build.0 = Release|Win32
		{61062E9A-1EB6-4340-8C77-B598281064CD}.Debug|x64.ActiveCfg = Debug|x64
		{61062E9A-1EB6-4340-8C77-B598281064CD}.Debug|x64.Build.0 = Debug|x64
		{61062E9A-1EB6-4340-8C77-B598281064CD}.Debug|x86.ActiveCfg = Debug|Win32
		{61062E9A-1EB6-4340-8C77-B598281064CD}.Debug|x86.Build.0 = Debug|Win32
		{61062E9A-1EB6-4340-8C77-B598281064CD}.Release|x64.ActiveCfg = Release|x64
		{61062E9A-1EB6-4340-8C77-B598281064CD}.Release|x64.Build.0 = Release|x64
		{61062E9A-1EB6-4340-8C77-B598281064CD}.Release|x86.ActiveCfg = Release|Win32
		{61062E9A-1EB6-4340-8C77-B598281064CD}.Release|x86.Build.0 = Release|Win32
		{BAAF9DA9-AC41-44F9-8FE6-9694E53B7922}.Debug|x64.ActiveCfg = Debug|x64
		{BAAF9DA9-AC41-44F9-8FE6-9694E53B7922}.Debug|x64.Build.0 = Debug|x64
		{BAAF9DA9-AC41-44F9-8FE6-9694E53B7922}.Debug|x86.ActiveCfg = Debug|Win32
		{BAAF9DA9-AC41-44F9-8FE6-9694E53B7922}.Debug|x86.Build.0 = Debug|Win32
		{BAAF9DA9-AC41-44F9-8FE6-9694E53B7922}.Release|x64.ActiveCfg = Release|x64
		{BAAF9DA9-AC41-44F9-8FE6-9694E53B7922}.Release|x64.Build.0 = Release|x64
		{BAAF9DA9-AC41-44F9-8FE6-9694E53B7922}.Release|x86.ActiveCfg = Release|Win32
		{BAAF9DA9-AC41-44F9-8FE6-9694E53B7922}.Release|x86.Build.0 = Release|Win32
		{58E5B7BE-6DD6-47A6-AA6D-5107414DB1ED}.Debug|x64.ActiveCfg = Debug|x64
		{58E5B7BE-6DD6-47A6-AA6D-5107414DB1ED}.Debug|x64.Build.0 = Debug|x64
		{58E5B7BE-6DD6-47A6-AA6D-5107414DB1ED}.Debug|x86.ActiveCfg = Debug|Win32
		{58E5B7BE-6DD6-47A6-AA6D-5107414DB1ED}.Debug|x86.Build.0 = Debug|Win32
		{58E5B7BE-6DD6-47A6-AA6D-5107414DB1ED}.Release|x64.ActiveCfg = Release|x64
		{58E5B7BE-6DD6-47A6-AA6D-5107414DB1ED}.Release|x64.Build.0 = Release|x64
		{58E5B7BE-6DD6-47A6-AA6D-5107414DB1ED}.Release|x86.ActiveCfg = Release|Win32
		{58E5B7BE-6DD6-47A6-AA6D-5107414DB1ED}.Release|x86.Build.0 = Release|Win32
		{256DF216-8E49-4160-BA9B-E41850F4D8B4}.Debug|x64.ActiveCfg = Debug|x64
		{256DF216-8E49-4160-BA9B-E41850F4D8B4}.Debug|x64.Build.0 = Debug|x64
		{256DF216-8E49-4160-BA9B-E41850F4D8B4}.Debug|x86.ActiveCfg = Debug|Win32
		{256DF216-8E49-4160-BA9B-E41850F4D8B4}.Debug|x86.Build.0 = Debug|Win32
		{256DF216-8E49-4160-BA9B-E41850F4D8B4}.Release|x64.ActiveCfg = Release|x64
		{256DF216-8E49-4160-BA9B-E41850F4D8B4}.Release|x64.Build.0 = Release|x64
		{256DF216-8E49-4160-BA9B-E41850F4D8B4}.Release|x86.ActiveCfg = Release|Win32
		{256DF216-8E49-4160-BA9B-E41850F4D8B4}.Release|x86.Build.0 = Release|Win32
		{332B2F5E-E867-4247-86EB-B67C465FB59B}.Debug|x64.ActiveCfg = Debug|x64
		{332B2F5E-E867-4247-86EB-B67C465FB59B}.Debug|x64.Build.0 = Debug|x64
		{332B2F5E-E867-4247-86EB-B67C465FB59B}.Debug|x86.ActiveCfg = Debug|Win32
		{332B2F5E-E867-4247-86EB-B67C465FB59B}.Debug|x86.Build.0 = Debug|Win32
		{332B2F5E-E867-4247-86EB-B67C465FB59B}.Release|x64.ActiveCfg = Release|x64
		{332B2F5E-E867-4247-86EB-B67C465FB59B}.Release|x64.Build.0 = Release|x64
		{332B2F5E-E867-4247-86EB-B67C465FB59B}.Release|x86.ActiveCfg = Release|Win32
		{332B2F5E-E867-4247-86EB-B67C465FB59B}.Release|x86.Build.0 = Release|Win32
		{C3BC67AC-366B-4220-AFB2-82DD51F8D0C3}.Debug|x64.ActiveCfg = Debug|x64
		{C3BC67AC-366B-4220-AFB2-82DD51F8D0C3}.Debug|x64.Build.0 = Debug|x64
		{C3BC67AC-366B-4220-AFB2-82DD51F8D0C3}.Debug|x86.ActiveCfg = Debug|Win32
		{C3BC67AC-366B-4220-AFB2-82DD51F8D0C3}.Debug|x86.Build.0 = Debug|Win32
		{C3BC67AC-366B-4220-AFB2-82DD51F8D0C3}.Release|x64.ActiveCfg = Release|x64
		{C3BC67AC-366B-4220-AFB2-82DD51F8D0C3}.Release|x64.Build.0 = Release|x64
		{C3BC67AC-366B-4220-AFB2-82DD51F8D0C3}.Release|x86.ActiveCfg = Release|Win32
		{C3BC67AC-366B-4220-AFB2-82DD51F8D0C3}.Release|x86.Build.0 = Release|Win32
		{2D270543-F9B1-4653-BCD2-C713ABB08811}.Debug|x64.ActiveCfg = Debug|x64
		{2D270543-F9B1-4653-BCD2-C713ABB08811}.Debug|x64.Build.0 = Debug|x64
		{2D270543-F9B1-4653-BCD2-C713ABB08811}.Debug|x86.ActiveCfg = Debug|Win32
		{2D270543-F9B1-4653-BCD2-C713ABB08811}.Debug|x86.Build.0 = Debug|Win32
		{2D270543-F9B1-4653-BCD2-C713ABB08811}.Release|x64.ActiveCfg = Release|x64
		{2D270543-F9B1-4653-BCD2-C713ABB08811}.Release|x64.Build.0 = Release|x64
		{2D270543-F9B1-4653-BCD2-C713ABB08811}.Release|x86.ActiveCfg = Release|Win32
		{2D270543-F9B1-4653-BCD2-C713ABB08811}.Release|x86.Build.0 = Release|Win32
		{9A8B1654-63A8-433A-A461-831470437D85}.Debug|x64.ActiveCfg = Debug|x64
		{9A8B1654-63A8-433A-A461-831470437D85}.Debug|x64.Build.0 = Debug|x64
		{9A8B1654-63A8-433A-A461-831470437D85}.Debug|x86.ActiveCfg = Debug|Win32
		{9A8B1654-63A8-433A-A461-831470437D85}.Debug|x86.Build.0 = Debug|Win32
		{9A8B1654-63A8-433A-A461-831470437D85}.Release|x64.ActiveCfg = Release|x64
		{9A8B1654-63A8-433A-A461-831470437D85}.Release|x64.Build.0 = Release|x64
		{9A8B1654-63A8-433A-A461-831470437D85}.Release|x86.ActiveCfg = Release|Win32
		{9A8B1654-63A8-433A-A461-831470437D85}.Release|x86.Build.0 = Release|Win32
		{EB46924E-AC74-46AD-9D13-02282A5300A3}.Debug|x64.ActiveCfg = Debug|x64
		{EB46924E-AC74-46AD-9D13-02282A5300A3}.Debug|x64.Build.0 = Debug|x64
		{EB46924E-AC74-46AD-9D13-02282A5300A3}.Debug|x86.ActiveCfg = Debug|Win32
		{EB46924E-AC74-46AD-9D13-02282A5300A3}.Debug|x86.Build.0 = Debug|Win32
		{EB46924E-AC74-46AD-9D13-02282A5300A3}.Release|x64.ActiveCfg = Release|x64
		{EB46924E-AC74-46AD-9D13-02282A5300A3}.Release|x64.Build.0 = Release|x64
		{EB46924E-AC74-46AD-9D13-02282A5300A3}.Release|x86.ActiveCfg = Release|Win32
		{EB46924E-AC74-46AD-9D13-02282A5300A3}.Release|x86.Build.0 = Release|Win32
		{23440BDB-D238-4778-98B4-A80C4B04978D}.Debug|x64.ActiveCfg = Debug|x64
		{23440BDB-D238-4778-98B4-A80C4B04978D}.Debug|x64.Build.0 = Debug|x64
		{23440BDB-D238-4778-98B4-A80C4B04978D}.Debug|x86.ActiveCfg = Debug|Win32
		{23440BDB-D238-4778-98B4-A80C4B04978D}.Debug|x86.Build.0 = Debug|Win32
		{23440BDB-D238-4778-98B4-A80C4B04978D}.Release|x64.ActiveCfg = Release|x64
		{23440BDB-D238-4778-98B4-A80C4B04978D}.Release|x64.Build.0 = Release|x64
		{23440BDB-D238-4778-98B4-A80C4B04978D}.Release|x86.ActiveCfg = Release|Win32
		{23440BDB-D238-4778-98B4-A80C4B04978D}.Release|x86.Build.0 = Release|Win32
		{A5FAB08E-0E7B-48A9-B3D6-2D4ED4B04184}.Debug|x64.ActiveCfg = Debug|x64
		{A5FAB08E-0E7B-48A9-B3D6-2D4ED4B04184}.Debug|x64.Build.0 = Debug|x64
		{A5FAB08E-0E7B-48A9-B3D6-2D4ED4B04184}.Debug|x86.ActiveCfg = Debug|Win32
		{A5FAB08E-0E7B-48A9-B3D6-2D4ED4B04184}.Debug|x86.Build.0 = Debug|Win32
		{A5FAB08E-0E7B-48A9-B3D6-2D4ED4B04184}.Release|x64.ActiveCfg = Release|x64
		{A5FAB08E-0E7B-48A9-B3D6-2D4ED4B04184}.Release|x64.Build.0 = Release|x64
		{A5FAB08E-0E7B-48A9-B3D6-2D4ED4B04184}.Release|x86.ActiveCfg = Release|Win32
		{A5FAB08E-0E7B-48A9-B3D6-2D4ED4B04184}.Release|x86.Build.0 = Release|Win32
		{1EA10E2C-91EF-48F3-9774-40805EC57A04}.Debug|x64.ActiveCfg = Debug|x64
		{1EA10E2C-91EF-48F3-9774-40805EC57A04}.Debug|x64.Build.0 = Debug|x64
		{1EA10E2C-91EF-48F3-9774-40805EC57A04}.Debug|x86.ActiveCfg = Debug|Win32
		{1EA10E2C-91EF-48F3-9774-40805EC57A04}.Debug|x86.Build.0 = Debug|Win32
		{1EA10E2C-91EF-48F3-9774-40805EC57A04}.Release|x64.ActiveCfg = Release|x64
		{1EA10E2C-91EF-48F3-9774-40805EC57A04}.Release|x64.Build.0 = Release|x64
		{1EA10E2C-91EF-48F3-9774-40805EC57A04}.Release|x86.ActiveCfg = Release|Win32
		{1EA10E2C-91EF-48F3-9774-40805EC57A04}.Release|x86.Build.0 = Release|Win32
		{08AF2CD7-6103-4AE2-90C5-810C278C5CEE}.Debug|x64.ActiveCfg = Debug|x64
		{08AF2CD7-6103-4AE2-90C5-810C278C5CEE}.Debug|x64.Build.0 = Debug|x64
		{08AF2CD7-6103-4AE2-90C5-810C278C5CEE}.Debug|x86.ActiveCfg = Debug|Win32
		{08AF2CD7-6103-4AE2-90C5-810C278C5CEE}.Debug|x86.Build.0 = Debug|Win32
		{08AF2CD7-6103-4AE2-90C5-810C278C5CEE}.Release|x64.ActiveCfg = Release|x64
		{08AF2CD7-6103-4AE2-90C5-810C278C5CEE}.Release|x64.Build.0 = Release|x64
		{08AF2CD7-6103-4AE2-90C5-810C278C5CEE}.Release|x86.ActiveCfg = Release|Win32
		{08AF2CD7-6103-4AE2-90C5-810C278C5CEE}.Release|x86.Build.0 = Release|Win32
		{50ADE0D5-50DB-4D1A-B806-FAEAE1EAF356}.Debug|x64.ActiveCfg = Debug|x64
		{50ADE0D5-50DB-4D1A-B806-FAEAE1EAF356}.Debug|x64.Build.0 = Debug|x64
		{50ADE0D5-50DB-4D1A-B806-FAEAE1EAF356}.Debug|x86.ActiveCfg = Debug|Win32
		{50ADE0D5-50DB-4D1A-B806-FAEAE1EAF356}.Debug|x86.Build.0 = Debug|Win32
		{50ADE0D5-50DB-4D1A-B806-FAEAE1EAF356}.Release|x64.ActiveCfg = Release|x64
		{50ADE0D5-50DB-4D1A-B806-FAEAE1EAF356}.Release|x64.Build.0 = Release|x64
		{50ADE0D5-50DB-4D1A-B806-FAEAE1EAF356}.Release|x86.ActiveCfg = Release|Win32
		{50ADE0D5-50DB-4D1A-B806-FAEAE1EAF356}.Release|x86.Build.0 = Release|Win32
		{DE0C3014-B53D-488F-BCEE-84C92125F6C7}.Debug|x64.ActiveCfg = Debug|x64
		{DE0C3014-B53D-488F-BCEE-84C92125F6C7}.Debug|x64.Build.0 = Debug|x64
		{DE0C3014-B53D-488F-BCEE-84C92125F6C7}.Debug|x86.ActiveCfg = Debug|Win32
		{DE0C3014-B53D-488F-BCEE-84C92125F6C7}.Debug|x86.Build.0 = Debug|Win32
		{DE0C3014-B53D-488F-BCEE-84C92125F6C7}.Release|x64.ActiveCfg = Release|x64
		{DE0C3014-B53D-488F-BCEE-84C92125F6C7}.Release|x64.Build.0 = Release|x64
		{DE0C3014-B53D-488F-BCEE-84C92125F6C7}.Release|x86.ActiveCfg = Release|Win32
		{DE0C3014-B53D-488F-BCEE-84C92125F6C7}.Release|x86.Build.0 = Release|Win32
		{93D9FF89-7AA5-4E32-9FC1-3D055CA2D09A}.Debug|x64.ActiveCfg = Debug|x64
		{93D9FF89-7AA5-4E32-9FC1-3D055CA2D09A}.Debug|x64.Build.0 = Debug|x64
		{93D9FF89-7AA5-4E32-9FC1-3D055CA2D09A}.Debug|x86.ActiveCfg = Debug|Win32
		{93D9FF89-7AA5-4E32-9FC1-3D055CA2D09A}.Debug|x86.Build.0 = Debug|Win32
		{93D9FF89-7AA5-4E32-9FC1-3D055CA2D09A}.Release|x64.ActiveCfg = Release|x64
		{93D9FF89-7AA5-4E32-9FC1-3D055CA2D09A}.Release|x64.Build.0 = Release|x64
		{93D9FF89-7AA5-4E32-9FC1-3D055CA2D09A}.Release|x86.ActiveCfg = Release|Win32
		{93D9FF89-7AA5-4E32-9FC1-3D055CA2D09A}.Release|x86.Build.0 = Release|Win32
		{43C3EA0F-81A9-493B-924C-EB8A21D8A146}.Debug|x64.ActiveCfg = Debug|x64
		{43C3EA0F-81A9-493B-924C-EB8A21D8A146}.Debug|x64.Build.0 = Debug|x64
		{43C3EA0F-81A9-493B-924C-EB8A21D8A146}.Debug|x86.ActiveCfg = Debug|Win32
		{43C3EA0F-81A9-493B-924C-EB8A21D8A146}.Debug|x86.Build.0 = Debug|Win32
		{43C3EA0F-81A9-493B-924C-EB8A21D8A146}.Release|x64.ActiveCfg = Release|x64
		{43C3EA0F-81A9-493B-924C-EB8A21D8A146}.Release|x64.Build.0 = Release|x64
		{43C3EA0F-81A9-493B-924C-EB8A21D8A146}.Release|x86.ActiveCfg = Release|Win32
		{43C3EA0F-81A9-493B-924C-EB8A21D8A146}.Release|x86.Build.0 = Release|Win32
		{BE52E370-0383-4A9A-971D-9176EAED30B2}.Debug|x64.ActiveCfg = Debug|x64
		{BE52E370-0383-4A9A-971D-9176EAED30B2}.Debug|x64.Build.0 = Debug|x64
		{BE52E370-0383-4A9A-971D-9176EAED30B2}.Debug|x86.ActiveCfg = Debug|Win32
		{BE52E370-0383-4A9A-971D-9176EAED30B2}.Debug|x86.Build.0 = Debug|Win32
		{BE52E370-0383-4A9A-971D-9176EAED30B2}.Release|x64.ActiveCfg = Release|x64
		{BE52E370-0383-4A9A-971D-9176EAED30B2}.Release|x64.Build.0 = Release|x64
		{BE52E370-0383-4A9A-971D-9176EAED30B2}.Release|x86.ActiveCfg = Release|Win32
		{BE52E370-0383-4A9A-971D-9176EAED30B2}.Release|x86.Build.0 = Release|Win32
		{D6F940E0-85AD-4F31-B7ED-0703566194F6}.Debug|x64.ActiveCfg = Debug|x64
		{D6F940E0-85AD-4F31-B7ED-0703566194F6}.Debug|x64.Build.0 = Debug|x64
		{D6F940E0-85AD-4F31-B7ED-0703566194F6}.Debug|x86.ActiveCfg = Debug|Win32
		{D6F940E0-85AD-4F31-B7ED-0703566194F6}.Debug|x86.Build.0 = Debug|Win32
		{D6F940E0-85AD-4F31-B7ED-0703566194F6}.Release|x64.ActiveCfg = Release|x64
		{D6F940E0-85AD-4F31-B7ED-0703566194F6}.Release|x64.Build.0 = Release|x64
		{D6F940E0-85AD-4F31-B7ED-0703566194F6}.Release|x86.ActiveCfg = Release|Win32
		{D6F940E0-85AD-4F31-B7ED-0703566194F6}.Release|x86.Build.0 = Release|Win32
		{FD6DF295-FC72-4E1D-A673-CACD5B151574}.Debug|x64.ActiveCfg = Debug|x64
		{FD6DF295-FC72-4E1D-A673-CACD5B151574}.Debug|x64.Build.0 = Debug|x64
		{FD6DF295-FC72-4E1D-A673-CACD5B151574}.Debug|x86.ActiveCfg = Debug|Win32
		{FD6DF295-FC72-4E1D-A673-CACD5B151574}.Debug|x86.Build.0 = Debug|Win32
		{FD6DF295-FC72-4E1D-A673-CACD5B151574}.Release|x64.ActiveCfg = Release|x64
		{FD6DF295-FC72-4E1D-A673-CACD5B151574}.Release|x64.Build.0 = Release|x64
		{FD6DF295-FC72-4E1D-A673-CACD5B151574}.Release|x86.ActiveCfg = Release|Win32
		{FD6DF295-FC72-4E1D-A673-CACD5B151574}.Release|x86.Build.0 = Release|Win32
		{427476F4-F7EC-4F06-897A-5C7CB641C78D}.Debug|x64.ActiveCfg = Debug|x64
		{427476F4-F7EC-4F06-897A-5C7CB641C78D}.Debug|x64.Build.0 = Debug|x64
		{427476F4-F7EC-4F06-897A-5C7CB641C78D}.Debug|x86.ActiveCfg = Debug|Win32
		{427476F4-F7EC-4F06-897A-5C7CB641C78D}.Debug|x86.Build.0 = Debug|Win32
		{427476F4-F7EC-4F06-897A-5C7CB641C78D}.Release|x64.ActiveCfg = Release|x64
		{427476F4-F7EC-4F06-897A-5C7CB641C78D}.Release|x64.Build.0 = Release|x64
		{427476F4-F7EC-4F06-897A-5C7CB641C78D}.Release|x86.ActiveCfg = Release|Win32
		{427476F4-F7EC-4F06-897A-5C7CB641C78D}.Release|x86.Build.0 = Release|Win32
		{66BC76CE-423B-462B-B709-D1038FB9FEB0}.Debug|x64.ActiveCfg = Debug|x64
		{66BC76CE-423B-462B-B709-D1038FB9FEB0}.Debug|x64.Build.0 = Debug|x64
		{66BC76CE-423B-462B-B709-D1038FB9FEB0}.Debug|x86.ActiveCfg = Debug|Win32
		{66BC76CE-423B-462B-B709-D1038FB9FEB0}.Debug|x86.Build.0 = Debug|Win32
		{66BC76CE-423B-462B-B709-D1038FB9FEB0}.Release|x64.ActiveCfg = Release|x64
		{66BC76CE-423B-462B-B709-D1038FB9FEB0}.Release|x64.Build.0 = Release|x64
		{66BC76CE-423B-462B-B709-D1038FB9FEB0}.Release|x86.ActiveCfg = Release|Win32
		{66BC76CE-423B-462B-B709-D1038FB9FEB0}.Release|x86.Build.0 = Release|Win32
		{8B863FB3-32BC-49AB-A7F4-BFB1C261395B}.Debug|x64.ActiveCfg = Debug|x64
		{8B863FB3-32BC-49AB-A7F4-BFB1C261395B}.Debug|x64.Build.0 = Debug|x64
		{8B863FB3-32BC-49AB-A7F4-BFB1C261395B}.Debug|x86.ActiveCfg = Debug|Win32
		{8B863FB3-32BC-49AB-A7F4-BFB1C261395B}.Debug|x86.Build.0 = Debug|Win32
		{8B863FB3-32BC-49AB-A7F4-BFB1C261395B}.Release|x64.ActiveCfg = Release|x64
		{8B863FB3-32BC-49AB-A7F4-BFB1C261395B}.Release|x64.Build.0 = Release|x64
		{8B863FB3-32BC-49AB-A7F4-BFB1C261395B}.Release|x86.ActiveCfg = Release|Win32
		{8B863FB3-32BC-49AB-A7F4-BFB1C261395B}.Release|x86.Build.0 = Release|Win32
		{C6AA4979-8C5B-4DC8-9B0A-0CC8F6F5741D}.Debug|x64.ActiveCfg = Debug|x64
		{C6AA4979-8C5B-4DC8-9B0A-0CC8F6F5741D}.Debug|x64.Build.0 = Debug|x64
		{C6AA4979-8C5B-4DC8-9B0A-0CC8F6F5741D}.Debug|x86.ActiveCfg = Debug|Win32
		{C6AA4979-8C5B-4DC8-9B0A-0CC8F6F5741D}.Debug|x86.Build.0 = Debug|Win32
		{C6AA4979-8C5B-4DC8-9B0A-0CC8F6F5741D}.Release|x64.ActiveCfg = Release|x64
		{C6AA4979-8C5B-4DC8-9B0A-0CC8F6F5741D}.Release|x64.Build.0 = Release|x64
		{C6AA4979-8C5B-4DC8-9B0A-0CC8F6F5741D}.Release|x86.ActiveCfg = Release|Win32
		{C6AA4979-8C5B-4DC8-9B0A-0CC8F6F5741D}.Release|x86.Build.0 = Release|Win32
		{E7120029-D4CA-43A0-9FBD-7AB2E3A15B09}.Debug|x64.ActiveCfg = Debug|x64
		{E7120029-D4CA-43A0-9FBD-7AB2E3A15B09}.Debug|x64.Build.0 = Debug|x64
		{E7120029-D4CA-43A0-9FBD-7AB2E3A15B09}.Debug|x86.ActiveCfg = Debug|Win32
		{E7120029-D4CA-43A0-9FBD-7AB2E3A15B09}.Debug|x86.Build.0 = Debug|Win32
		{E7120029-D4CA-43A0-9FBD-7AB2E3A15B09}.Release|x64.ActiveCfg = Release|x64
		{E7120029-D4CA-43A0-9FBD-7AB2E3A15B09}.Release|x64.Build.0 = Release|x64
		{E7120029-D4CA-43A0-9FBD-7AB2E3A15B09}.Release|x86.ActiveCfg = Release|Win32
		{E7120029-D4CA-43A0-9FBD-7AB2E3A15B09}.Release|x86.Build.0 = Release|Win32
		{C861768F-F662-4AE5-9BC4-F471F8DCEB6E}.Debug|x64.ActiveCfg = Debug|x64
		{C861768F-F662-4AE5-9BC4-F471F8DCEB6E}.Debug|x64.Build.0 = Debug|x64
		{C861768F-F662-4AE5-9BC4-F471F8DCEB6E}.Debug|x86.ActiveCfg = Debug|Win32
		{C861768F-F662-4AE5-9BC4-F471F8DCEB6E}.Debug|x86.Build.0 = Debug|Win32
		{C861768F-F662-4AE5-9BC4-F471F8DCEB6E}.Release|x64.ActiveCfg = Release|x64
		{C861768F-F662-4AE5-9BC4-F471F8DCEB6E}.Release|x64.Build.0 = Release|x64
		{C861768F-F662-4AE5-9BC4-F471F8DCEB6E}.Release|x86.ActiveCfg = Release|Win32
		{C861768F-F662-4AE5-9BC4-F471F8DCEB6E}.Release|x86.Build.0 = Release|Win32
		{BE2CC15B-047E-4BF4-90B6-AD3E06C24E4D}.Debug|x64.ActiveCfg = Debug|x64
		{BE2CC15B-047E-4BF4-90B6-AD3E06C24E4D}.Debug|x64.Build.0 = Debug|x64
		{BE2CC15B-047E-4BF4-90B6-AD3E06C24E4D}.Debug|x86.ActiveCfg = Debug|Win32
		{BE2CC15B-047E-4BF4-90B6-AD3E06C24E4D}.Debug|x86.Build.0 = Debug|Win32
		{BE2CC15B-047E-4BF4-90B6-AD3E06C24E4D}.Release|x64.ActiveCfg = Release|x64
		{BE2CC15B-047E-4BF4-90B6-AD3E06C24E4D}.Release|x64.Build.0 = Release|x64
		{BE2CC15B-047E-4BF4-90B6-AD3E06C24E4D}.Release|x86.ActiveCfg = Release|Win32
		{BE2CC15B-047E-4BF4-90B6-AD3E06C24E4D}.Release|x86.Build.0 = Release|Win32
		{6B39AEF8-5639-441B-A880-B3F9E88A075B}.Debug|x64.ActiveCfg = Debug|x64
		{6B39AEF8-5639-441B-A880-B3F9E88A075B}.Debug|x64.Build.0 = Debug|x64
		{6B39AEF8-5639-441B-A880-B3F9E88A075B}.Debug|x86.ActiveCfg = Debug|Win32
		{6B39AEF8-5639-441B-A880-B3F9E88A075B}.Debug|x86.Build.0 = Debug|Win32
		{6B39AEF8-5639-441B-A880-B3F9E88A075B}.Release|x64.ActiveCfg = Release|x64
		{6B39AEF8-5639-441B-A880-B3F9E88A075B}.Release|x64.Build.0 = Release|x64
		{6B39AEF8-5639-441B-A880-B3F9E88A075B}.Release|x86.ActiveCfg = Release|Win32
		{6B39AEF8-5639-441B-A880-B3F9E88A075B}.Release|x86.Build.0 = Release|Win32
		{F1D11EE1-8656-4524-B011-DF5A2AF32910}.Debug|x64.ActiveCfg = Debug|x64
		{F1D11EE1-8656-4524-B011-DF5A2AF32910}.Debug|x64.Build.0 = Debug|x64
		{F1D11EE1-8656-4524-B011-DF5A2AF32910}.Debug|x86.ActiveCfg = Debug|Win32
		{F1D11EE1-8656-4524-B011-DF5A2AF32910}.Debug|x86.Build.0 = Debug|Win32
		{F1D11EE1-8656-4524-B011-DF5A2AF32910}.Release|x64.ActiveCfg = Release|x64
		{F1D11EE1-8656-4524-B011-DF5A2AF32910}.Release|x64.Build.0 = Release|x64
		{F1D11EE1-8656-4524-B011-DF5A2AF32910}.Release|x86.ActiveCfg = Release|Win32
		{F1D11EE1-8656-4524-B011-DF5A2AF32910}.Release|x86.Build.0 = Release|Win32
		{9B8B3163-43ED-4708-9ED0-D19685A451EA}.Debug|x64.ActiveCfg = Debug|x64
		{9B8B3163-43ED-4708-9ED0-D19685A451EA}.Debug|x64.Build.0 = Debug|x64
		{9B8B3163-43ED-4708-9ED0-D19685A451EA}.Debug|x86.ActiveCfg = Debug|Win32
		{9B8B3163-43ED-4708-9ED0-D19685A451EA}.Debug|x86.Build.0 = Debug|Win32
		{9B8B3163-43ED-4708-9ED0-D19685A451EA}.Release|x64.ActiveCfg = Release|x64
		{9B8B3163-43ED-4708-9ED0-D19685A451EA}.Release|x64.Build.0 = Release|x64
		{9B8B3163-43ED-4708-9ED0-D19685A451EA}.Release|x86.ActiveCfg = Release|Win32
		{9B8B3163-43ED-4708-9ED0-D19685A451EA}.Release|x86.Build.0 = Release|Win32
		{6B83A52E-5368-44DC-BDC3-18484374A153}.Debug|x64.ActiveCfg = Debug|x64
		{6B83A52E-5368-44DC-BDC3-18484374A153}.Debug|x64.Build.0 = Debug|x64
		{6B83A52E-5368-44DC-BDC3-18484374A153}.Debug|x86.ActiveCfg = Debug|Win32
		{6B83A52E-5368-44DC-BDC3-18484374A153}.Debug|x86.Build.0 = Debug|Win32
		{6B83A52E-5368-44DC-BDC3-18484374A153}.Release|x64.ActiveCfg = Release|x64
		{6B83A52E-5368-44DC-BDC3-18484374A153}.Release|x64.Build.0 = Release|x64
		{6B83A52E-5368-44DC-BDC3-18484374A153}.Release|x86.ActiveCfg = Release|Win32
		{6B83A52E-5368-44DC-BDC3-18484374A153}.Release|x86.Build.0 = Release|Win32
		{9E6E2C2D-E617-4963-95C2-9BB032253320}.Debug|x64.ActiveCfg = Debug|x64
		{9E6E2C2D-E617-4963-95C2-9BB032253320}.Debug|x64.Build.0 = Debug|x64
		{9E6E2C2D-E617-4963-95C2-9BB032253320}.Debug|x86.ActiveCfg = Debug|Win32
		{9E6E2C2D-E617-4963-95C2-9BB032253320}.Debug|x86.Build.0 = Debug|Win32
		{9E6E2C2D-E617-4963-95C2-9BB032253320}.Release|x64.ActiveCfg = Release|x64
		{9E6E2C2D-E617-4963-95C2-9BB032253320}.Release|x64.Build.0 = Release|x64
		{9E6E2C2D-E617-4963-95C2-9BB032253320}.Release|x86.ActiveCfg = Release|Win32
		{9E6E2C2D-E617-4963-95C2-9BB032253320}.Release|x86.Build.0 = Release|Win32
		{B1F2A051-7E83-4827-B850-D51E3C6097FA}.Debug|x64.ActiveCfg = Debug|x64
		{B1F2A051-7E83-4827-B850-D51E3C6097FA}.Debug|x64.Build.0 = Debug|x64
		{B1F2A051-7E83-4827-B850-D51E3C6097FA}.Debug|x86.ActiveCfg = Debug|Win32
		{B1F2A051-7E83-4827-B850-D51E3C6097FA}.Debug|x86.Build.0 = Debug|Win32
		{B1F2A051-7E83-4827-B850-D51E3C6097FA}.Release|x64.ActiveCfg = Release|x64
		{B1F2A051-7E83-4827-B850-D51E3C6097FA}.Release|x64.Build.0 = Release|x64
		{B1F2A051-7E83-4827-B850-D51E3C6097FA}.Release|x86.ActiveCfg = Release|Win32
		{B1F2A051-7E83-4827-B850-D51E3C6097FA}.Release|x86.Build.0 = Release|Win32
		{E0309902-2C43-42CA-86F2-5151141570D2}.Debug|x64.ActiveCfg = Debug|x64
		{E0309902-2C43-42CA-86F2-5151141570D2}.Debug|x64.Build.0 = Debug|x64
		{E0309902-2C43-42CA-86F2-5151141570D2}.Debug|x86.ActiveCfg = Debug|Win32
		{E0309902-2C43-42CA-86F2-5151141570D2}.Debug|x86.Build.0 = Debug|Win32
		{E0309902-2C43-42CA-86F2-5151141570D2}.Release|x64.ActiveCfg = Release|x64
		{E0309902-2C43-42CA-86F2-5151141570D2}.Release|x64.Build.0 = Release|x64
		{E0309902-2C43-42CA-86F2-5151141570D2}.Release|x86.ActiveCfg = Release|Win32
		{E0309902-2C43-42CA-86F2-5151141570D2}.Release|x86.Build.0 = Release|Win32
		{7DFA0AA9-34A7-4F95-8352-8A64CCF886C9}.Debug|x64.ActiveCfg = Debug|x64
		{7DFA0AA9-34A7-4F95-8352-8A64CCF886C9}.Debug|x64.Build.0 = Debug|x64
		{7DFA0AA9-34A7-4F95-8352-8A64CCF886C9}.Debug|x86.ActiveCfg = Debug|Win32
		{7DFA0AA9-34A7-4F95-8352-8A64CCF886C9}.Debug|x86.Build.0 = Debug|Win32
		{7DFA0AA9-34A7-4F95-8352-8A64CCF886C9}.Release|x64.ActiveCfg = Release|x64
		{7DFA0AA9-34A7-4F95-8352-8A64CCF886C9}.Release|x64.Build.0 = Release|x64
		{7DFA0AA9-34A7-4F95-8352-8A64CCF886C9}.Release|x86.ActiveCfg = Release|Win32
		{7DFA0AA9-34A7-4F95-8352-8A64CCF886C9}.Release|x86.Build.0 = Release|Win32
		{6BC5260B-9E3D-4CED-ABD4-EAC3FBB48126}.Debug|x64.ActiveCfg = Debug|x64
		{6BC5260B-9E3D-4CED-ABD4-EAC3FBB48126}.Debug|x64.Build.0 = Debug|x64
		{6BC5260B-9E3D-4CED-ABD4-EAC3FBB48126}.Debug|x86.ActiveCfg = Debug|Win32
		{6BC5260B-9E3D-4CED-ABD4-EAC3FBB48126}.Debug|x86.Build.0 = Debug|Win32
		{6BC5260B-9E3D-4CED-ABD4-EAC3FBB48126}.Release|x64.ActiveCfg = Release|x64
		{6BC5260B-9E3D-4CED-ABD4-EAC3FBB48126}.Release|x64.Build.0 = Release|x64
		{6BC5260B-9E3D-4CED-ABD4-EAC3FBB48126}.Release|x86.ActiveCfg = Release|Win32
		{6BC5260B-9E3D-4CED-ABD4-EAC3FBB48126}.Release|x86.Build.0 = Release|Win32
		{C9CD0D66-A335-413A-9670-69161E381E3A}.Debug|x64.ActiveCfg = Debug|x64
		{C9CD0D66-A335-413A-9670-69161E381E3A}.Debug|x64.Build.0 = Debug|x64
		{C9CD0D66-A335-413A-9670-69161E381E3A}.Debug|x86.ActiveCfg = Debug|Win32
		{C9CD0D66-A335-413A-9670-69161E381E3A}.Debug|x86.Build.0 = Debug|Win32
		{C9CD0D66-A335-413A-9670-69161E381E3A}.Release|x64.ActiveCfg = Release|x64
		{C9CD0D66-A335-413A-9670-69161E381E3A}.Release|x64.Build.0 = Release|x64
		{C9CD0D66-A335-413A-9670-69161E381E3A}.Release|x86.ActiveCfg = Release|Win32
		{C9CD0D66-A335-413A-9670-69161E381E3A}.Release|x86.Build.0 = Release|Win32
		{13690670-C86B-4F53-9955-5EDA19512495}.Debug|x64.ActiveCfg = Debug|x64
		{13690670-C86B-4F53-9955-5EDA19512495}.Debug|x64.Build.0 = Debug|x64
		{13690670-C86B-4F53-9955-5EDA19512495}.Debug|x86.ActiveCfg = Debug|Win32
		{13690670-C86B-4F53-9955-5EDA19512495}.Debug|x86.Build.0 = Debug|Win32
		{13690670-C86B-4F53-9955-5EDA19512495}.Release|x64.ActiveCfg = Release|x64
		{13690670-C86B-4F53-9955-5EDA19512495}.Release|x64.Build.0 = Release|x64
		{13690670-C86B-4F53-9955-5EDA19512495}.Release|x86.ActiveCfg = Release|Win32
		{13690670-C86B-4F53-9955-5EDA19512495}.Release|x86.Build.0 = Release|Win32
		{EC19FFEA-980D-4C43-A98F-329AC7611178}.Debug|x64.ActiveCfg = Debug|x64
		{EC19FFEA-980D-4C43-A98F-329AC7611178}.Debug|x64.Build.0 = Debug|x64
		{EC19FFEA-980D-4C43-A98F-329AC7611178}.Debug|x86.ActiveCfg = Debug|Win32
		{EC19FFEA-980D-4C43-A98F-329AC7611178}.Debug|x86.Build.0 = Debug|Win32
		{EC19FFEA-980D-4C43-A98F-329AC7611178}.Release|x64.ActiveCfg = Release|x64
		{EC19FFEA-980D-4C43-A98F-329AC7611178}.Release|x64.Build.0 = Release|x64
		{EC19FFEA-980D-4C43-A98F-329AC7611178}.Release|x86.ActiveCfg = Release|Win32
		{EC19FFEA-980D-4C43-A98F-329AC7611178}.Release|x86.Build.0 = Release|Win32
		{D7C40E44-02E2-4C3A-B1EF-E556FBD53EB2}.Debug|x64.ActiveCfg = Debug|x64
		{D7C40E44-02E2-4C3A-B1EF-E556FBD53EB2}.Debug|x64.Build.0 = Debug|x64
		{D7C40E44-02E2-4C3A-B1EF-E556FBD53EB2}.Debug|x86.ActiveCfg = Debug|Win32
		{D7C40E44-02E2-4C3A-B1EF-E556FBD53EB2}.Debug|x86.Build.0 = Debug|Win32
		{D7C40E44-02E2-4C3A-B1EF-E556FBD53EB2}.Release|x64.ActiveCfg = Release|x64
		{D7C40E44-02E2-4C3A-B1EF-E556FBD53EB2}.Release|x64.Build.0 = Release|x64
		{D7C40E44-02E2-4C3A-B1EF-E556FBD53EB2}.Release|x86.ActiveCfg = Release|Win32
		{D7C40E44-02E2-4C3A-B1EF-E556FBD53EB2}.Release|x86.Build.0 = Release|Win32
		{99B98DAC-FA5E-48C3-8878-55E616F8FD6C}.Debug|x64.ActiveCfg = Debug|x64
		{99B98DAC-FA5E-48C3-8878-55E616F8FD6C}.Debug|x64.Build.0 = Debug|x64
		{99B98DAC-FA5E-48C3-8878-55E616F8FD6C}.Debug|x86.ActiveCfg = Debug|Win32
		{99B98DAC-FA5E-48C3-8878-55E616F8FD6C}.Debug|x86.Build.0 = Debug|Win32
		{99B98DAC-FA5E-48C3-8878-55E616F8FD6C}.Release|x64.ActiveCfg = Release|x64
		{99B98DAC-FA5E-48C3-8878-55E616F8FD6C}.Release|x64.Build.0 = Release|x64
		{99B98DAC-FA5E-48C3-8878-55E616F8FD6C}.Release|x86.ActiveCfg = Release|Win32
		{99B98DAC-FA5E-48C3-8878-55E616F8FD6C}.Release|x86.Build.0 = Release|Win32
		{EF6AEED3-507D-4283-BF61-79A913312436}.Debug|x64.ActiveCfg = Debug|x64
		{EF6AEED3-507D-4283-BF61-79A913312436}.Debug|x64.Build.0 = Debug|x64
		{EF6AEED3-507D-4283-BF61-79A913312436}.Debug|x86.ActiveCfg = Debug|Win32
		{EF6AEED3-507D-4283-BF61-79A913312436}.Debug|x86.Build.0 = Debug|Win32
		{EF6AEED3-507D-4283-BF61-79A913312436}.Release|x64.ActiveCfg = Release|x64
		{EF6AEED3-507D-4283-BF61-79A913312436}.Release|x64.Build.0 = Release|x64
		{EF6AEED3-507D-4283-BF61-79A913312436}.Release|x86.ActiveCfg = Release|Win32
		{EF6AEED3-507D-4283-BF61-79A913312436}.Release|x86.Build.0 = Release|Win32
		{A5A327B5-75C9-4817-A095-F76C4E6011E9}.Debug|x64.ActiveCfg = Debug|x64
		{A5A327B5-75C9-4817-A095-F76C4E6011E9}.Debug|x64.Build.0 = Debug|x64
		{A5A327B5-75C9-4817-A095-F76C4E6011E9}.Debug|x86.ActiveCfg = Debug|Win32
		{A5A327B5-75C9-4817-A095-F76C4E6011E9}.Debug|x86.Build.0 = Debug|Win32
		{A5A327B5-75C9-4817-A095-F76C4E6011E9}.Release|x64.ActiveCfg = Release|x64
		{A5A327B5-75C9-4817-A095-F76C4E6011E9}.Release|x64.Build.0 = Release|x64
		{A5A327B5-75C9-4817-A095-F76C4E6011E9}.Release|x86.ActiveCfg = Release|Win32
		{A5A327B5-75C9-4817-A095-F76C4E6011E9}.Release|x86.Build.0 = Release|Win32
		{F9E9DED5-F86A-46B0-A2C8-F547E26A6597}.Debug|x64.ActiveCfg = Debug|x64
		{F9E9DED5-F86A-46B0-A2C8-F547E26A6597}.Debug|x64.Build.0 = Debug|x64
		{F9E9DED5-F86A-46B0-A2C8-F547E26A6597}.Debug|x86.ActiveCfg = Debug|Win32
		{F9E9DED5-F86A-46B0-A2C8-F547E26A6597}.Debug|x86.Build.0 = Debug|Win32
		{F9E9DED5-F86A-46B0-A2C8-F547E26A6597}.Release|x64.ActiveCfg = Release|x64
		{F9E9DED5-F86A-46B0-A2C8-F547E26A6597}.Release|x64.Build.0 = Release|x64
		{F9E9DED5-F86A-46B0-A2C8-F547E26A6597}.Release|x86.ActiveCfg = Release|Win32
		{F9E9DED5-F86A-46B0-A2C8-F547E26A6597}.Release|x86.Build.0 = Release|Win32
		{05474845-3533-473A-A10C-953FECF58EAF}.Debug|x64.ActiveCfg = Debug|x64
		{05474845-3533-473A-A10C-953FECF58EAF}.Debug|x64.Build.0 = Debug|x64
		{05474845-3533-473A-A10C-953FECF58EAF}.Debug|x86.ActiveCfg = Debug|Win32
		{05474845-3533-473A-A10C-953FECF58EAF}.Debug|x86.Build.0 = Debug|Win32
		{05474845-3533-473A-A10C-953FECF58EAF}.Release|x64.ActiveCfg = Release|x64
		{05474845-3533-473A-A10C-953FECF58EAF}.Release|x64.Build.0 = Release|x64
		{05474845-3533-473A-A10C-953FECF58EAF}.Release|x86.ActiveCfg = Release|Win32
		{05474845-3533-473A-A10C-953FECF58EAF}.Release|x86.Build.0 = Release|Win32
		{E3F88D47-AB0A-4F29-9313-49DC467648F4}.Debug|x64.ActiveCfg = Debug|x64
		{E3F88D47-AB0A-4F29-9313-49DC467648F4}.Debug|x64.Build.0 = Debug|x64
		{E3F88D47-AB0A-4F29-9313-49DC467648F4}.Debug|x86.ActiveCfg = Debug|Win32
		{E3F88D47-AB0A-4F29-9313-49DC467648F4}.Debug|x86.Build.0 = Debug|Win32
		{E3F88D47-AB0A-4F29-9313-49DC467648F4}.Release|x64.ActiveCfg = Release|x64
		{E3F88D47-AB0A-4F29-9313-49DC467648F4}.Release|x64.Build.0 = Release|x64
		{E3F88D47-AB0A-4F29-9313-49DC467648F4}.Release|x86.ActiveCfg = Release|Win32
		{E3F88D47-AB0A-4F29-9313-49DC467648F4}.Release|x86.Build.0 = Release|Win32
		{146EA9C0-2E40-42BE-A3A9-C80E63A78C01}.Debug|x64.ActiveCfg = Debug|x64
		{146EA9C0-2E40-42BE-A3A9-C80E63A78C01}.Debug|x64.Build.0 = Debug|x64
		{146EA9C0-2E40-42BE-A3A9-C80E63A78C01}.Debug|x86.ActiveCfg = Debug|Win32
		{146EA9C0-2E40-42BE-A3A9-C80E63A78C01}.Debug|x86.Build.0 = Debug|Win32
		{146EA9C0-2E40-42BE-A3A9-C80E63A78C01}.Release|x64.ActiveCfg = Release|x64
		{146EA9C0-2E40-42BE-A3A9-C80E63A78C01}.Release|x64.Build.0 = Release|x64
		{146EA9C0-2E40-42BE-A3A9-C80E63A78C01}.Release|x86.ActiveCfg = Release|Win32
		{146EA9C0-2E40-42BE-A3A9-C80E63A78C01}.Release|x86.Build.0 = Release|Win32
		{AFEAE42F-233A-46F0-B1C7-CEBCFCEA6739}.Debug|x64.ActiveCfg = Debug|x64
		{AFEAE42F-233A-46F0-B1C7-CEBCFCEA6739}.Debug|x64.Build.0 = Debug|x64
		{AFEAE42F-233A-46F0-B1C7-CEBCFCEA6739}.Debug|x86.ActiveCfg = Debug|Win32
		{AFEAE42F-233A-46F0-B1C7-CEBCFCEA6739}.Debug|x86.Build.0 = Debug|Win32
		{AFEAE42F-233A-46F0-B1C7-CEBCFCEA6739}.Release|x64.ActiveCfg = Release|x64
		{AFEAE42F-233A-46F0-B1C7-CEBCFCEA6739}.Release|x64.Build.0 = Release|x64
		{AFEAE42F-233A-46F0-B1C7-CEBCFCEA6739}.Release|x86.ActiveCfg = Release|Win32
		{AFEAE42F-233A-46F0-B1C7-CEBCFCEA6739}.Release|x86.Build.0 = Release|Win32
		{79459576-B6E1-4E2A-8442-04C73E4CB65C}.Debug|x64.ActiveCfg = Debug|x64
		{79459576-B6E1-4E2A-8442-04C73E4CB65C}.Debug|x64.Build.0 = Debug|x64
		{79459576-B6E1-4E2A-8442-04C73E4CB65C}.Debug|x86.ActiveCfg = Debug|Win32
		{79459576-B6E1-4E2A-8442-04C73E4CB65C}.Debug|x86.Build.0 = Debug|Win32
		{79459576-B6E1-4E2A-8442-04C73E4CB65C}.Release|x64.ActiveCfg = Release|x64
		{79459576-B6E1-4E2A-8442-04C73E4CB65C}.Release|x64.Build.0 = Release|x64
		{79459576-B6E1-4E2A-8442-04C73E4CB65C}.Release|x86.ActiveCfg = Release|Win32
		{79459576-B6E1-4E2A-8442-04C73E4CB65C}.Release|x86.Build.0 = Release|Win32
		{44B69AE8-97E0-4E9F-BF67-38B6F67910BD}.Debug|x64.ActiveCfg = Debug|x64
		{44B69AE8-97E0-4E9F-BF67-38B6F67910BD}.Debug|x64.Build.0 = Debug|x64
		{44B69AE8-97E0-4E9F-BF67-38B6F67910BD}.Debug|x86.ActiveCfg = Debug|Win32
		{44B69AE8-97E0-4E9F-BF67-38B6F67910BD}.Debug|x86.Build.0 = Debug|Win32
		{44B69AE8-97E0-4E9F-BF67-38B6F67910BD}.Release|x64.ActiveCfg = Release|x64
		{44B69AE8-97E0-4E9F-BF67-38B6F67910BD}.Release|x64.Build.0 = Release|x64
		{44B69AE8-97E0-4E9F-BF67-38B6F67910BD}.Release|x86.ActiveCfg = Release|Win32
		{44B69AE8-97E0-4E9F-BF67-38B6F67910BD}.Release|x86.Build.0 = Release|Win32
		{993F3CB5-E22C-4A42-B396-AEE84A6D67D5}.Debug|x64.ActiveCfg = Debug|x64
		{993F3CB5-E22C-4A42-B396-AEE84A6D67D5}.Debug|x64.Build.0 = Debug|x64
		{993F3CB5-E22C-4A42-B396-AEE84A6D67D5}.Debug|x86.ActiveCfg = Debug|Win32
		{993F3CB5-E22C-4A42-B396-AEE84A6D67D5}.Debug|x86.Build.0 = Debug|Win32
		{993F3CB5-E22C-4A42-B396-AEE84A6D67D5}.Release|x64.ActiveCfg = Release|x64
		{993F3CB5-E22C-4A42-B396-AEE84A6D67D5}.Release|x64.Build.0 = Release|x64
		{993F3CB5-E22C-4A42-B396-AEE84A6D67D5}.Release|x86.ActiveCfg = Release|Win32
		{993F3CB5-E22C-4A42-B396-AEE84A6D67D5}.Release|x86.Build.0 = Release|Win32
		{37FCE365-5FB1-4054-9BAD-45A6E32787A8}.Debug|x64.ActiveCfg = Debug|x64
		{37FCE365-5FB1-4054-9BAD-45A6E32787A8}.Debug|x64.Build.0 = Debug|x64
		{37FCE365-5FB1-4054-9BAD-45A6E32787A8}.Debug|x86.ActiveCfg = Debug|Win32
		{37FCE365-5FB1-4054-9BAD-45A6E32787A8}.Debug|x86.Build.0 = Debug|Win32
		{37FCE365-5FB1-4054-9BAD-45A6E32787A8}.Release|x64.ActiveCfg = Release|x64
		{37FCE365-5FB1-4054-9BAD-45A6E32787A8}.Release|x64.Build.0 = Release|x64
		{37FCE365-5FB1-4054-9BAD-45A6E32787A8}.Release|x86.ActiveCfg = Release|Win32
		{37FCE365-5FB1-4054-9BAD-45A6E32787A8}.Release|x86.Build.0 = Release|Win32
		{CF5B7708-1663-4024-938F-B615C98657AE}.Debug|x64.ActiveCfg = Debug|x64
		{CF5B7708-1663-4024-938F-B615C98657AE}.Debug|x64.Build.0 = Debug|x64
		{CF5B7708-1663-4024-938F-B615C98657AE}.Debug|x86.ActiveCfg = Debug|Win32
		{CF5B7708-1663-4024-938F-B615C98657AE}.Debug|x86.Build.0 = Debug|Win32
		{CF5B7708-1663-4024-938F-B615C98657AE}.Release|x64.ActiveCfg = Release|x64
		{CF5B7708-1663-4024-938F-B615C98657AE}.Release|x64.Build.0 = Release|x64
		{CF5B7708-1663-4024-938F-B615C98657AE}.Release|x86.ActiveCfg = Release|Win32
		{CF5B7708-1663-4024-938F-B615C98657AE}.Release|x86.Build.0 = Release|Win32
		{5A6D11CB-1FFB-43B7-9343-46A1D23A21B7}.Debug|x64.ActiveCfg = Debug|x64
		{5A6D11CB-1FFB-43B7-9343-46A1D23A21B7}.Debug|x64.Build.0 = Debug|x64
		{5A6D11CB-1FFB-43B7-9343-46A1D23A21B7}.Debug|x86.ActiveCfg = Debug|Win32
		{5A6D11CB-1FFB-43B7-9343-46A1D23A21B7}.Debug|x86.Build.0 = Debug|Win32
		{5A6D11CB-1FFB-43B7-9343-46A1D23A21B7}.Release|x64.ActiveCfg = Release|x64
		{5A6D11CB-1FFB-43B7-9343-46A1D23A21B7}.Release|x64.Build.0 = Release|x64
		{5A6D11CB-1FFB-43B7-9343-46A1D23A21B7}.Release|x86.ActiveCfg = Release|Win32
		{5A6D11CB-1FFB-43B7-9343-46A1D23A21B7}.Release|x86.Build.0 = Release|Win32
		{993BB99B-C3E2-471C-B8B9-F06154AD79F7}.Debug|x64.ActiveCfg = Debug|x64
		{993BB99B-C3E2-471C-B8B9-F06154AD79F7}.Debug|x64.Build.0 = Debug|x64
		{993BB99B-C3E2-471C-B8B9-F06154AD79F7}.Debug|x86.ActiveCfg = Debug|Win32
		{993BB99B-C3E2-471C-B8B9-F06154AD79F7}.Debug|x86.Build.0 = Debug|Win32
		{993BB99B-C3E2-471C-B8B9-F06154AD79F7}.Release|x64.ActiveCfg = Release|x64
		{993BB99B-C3E2-471C-B8B9-F06154AD79F7}.Release|x64.Build.0 = Release|x64
		{993BB99B-C3E2-471C-B8B9-F06154AD79F7}.Release|x86.ActiveCfg = Release|Win32
		{993BB99B-C3E2-471C-B8B9-F06154AD79F7}.Release|x86.Build.0 = Release|Win32
		{8866DE4C-E75F-4072-92D2-6C26CC7BE503}.Debug|x64.ActiveCfg = Debug|x64
		{8866DE4C-E75F-4072-92D2-6C26CC7BE503}.Debug|x64.Build.0 = Debug|x64
		{8866DE4C-E75F-4072-92D2-6C26CC7BE503}.Debug|x86.ActiveCfg = Debug|Win32
		{8866DE4C-E75F-4072-92D2-6C26CC7BE503}.Debug|x86.Build.0 = Debug|Win32
		{8866DE4C-E75F-4072-92D2-6C26CC7BE503}.Release|x64.ActiveCfg = Release|x64
		{8866DE4C-E75F-4072-92D2-6C26CC7BE503}.Release|x64.Build.0 = Release|x64
		{8866DE4C-E75F-4072-92D2-6C26CC7BE503}.Release|x86.ActiveCfg = Release|Win32
		{8866DE4C-E75F-4072-92D2-6C26CC7BE503}.Release|x86.Build.0 = Release|Win32
		{3BA88AB0-5C11-4438-85C5-D1A070EB997C}.Debug|x64.ActiveCfg = Debug|x64
		{3BA88AB0-5C11-4438-85C5-D1A070EB997C}.Debug|x64.Build.0 = Debug|x64
		{3BA88AB0-5C11-4438-85C5-D1A070EB997C}.Debug|x86.ActiveCfg = Debug|Win32
		{3BA88AB0-5C11-4438-85C5-D1A070EB997C}.Debug|x86.Build.0 = Debug|Win32
		{3BA88AB0-5C11-4438-85C5-D1A070EB997C}.Release|x64.ActiveCfg = Release|x64
		{3BA88AB0-5C11-4438-85C5-D1A070EB997C}.Release|x64.Build.0 = Release|x64
		{3BA88AB0-5C11-4438-85C5-D1A070EB997C}.Release|x86.ActiveCfg = Release|Win32
		{3BA88AB0-5C11-4438-85C5-D1A070EB997C}.Release|x86.Build.0 = Release|Win32
		{5ABE5BE9-27BE-4377-9E44-69D3EA253AC0}.Debug|x64.ActiveCfg = Debug|x64
		{5ABE5BE9-27BE-4377-9E44-69D3EA253AC0}.Debug|x64.Build.0 = Debug|x64
		{5ABE5BE9-27BE-4377-9E44-69D3EA253AC0}.Debug|x86.ActiveCfg = Debug|Win32
		{5ABE5BE9-27BE-4377-9E44-69D3EA253AC0}.Debug|x86.Build.0 = Debug|Win32
		{5ABE5BE9-27BE-4377-9E44-69D3EA253AC0}.Release|x64.ActiveCfg = Release|x64
		{5ABE5BE9-27BE-4377-9E44-69D3EA253AC0}.Release|x64.Build.0 = Release|x64
		{5ABE5BE9-27BE-4377-9E44-69D3EA253AC0}.Release|x86.ActiveCfg = Release|Win32
		{5ABE5BE9-27BE-4377-9E44-69D3EA253AC0}.Release|x86.Build.0 = Release|Win32
		{48A7BE3E-A5E7-4668-86BA-A4C0A0A021DF}.Debug|x64.ActiveCfg = Debug|x64
		{48A7BE3E-A5E7-4668-86BA-A4C0A0A021DF}.Debug|x64.Build.0 = Debug|x64
		{48A7BE3E-A5E7-4668-86BA-A4C0A0A021DF}.Debug|x86.ActiveCfg = Debug|Win32
		{48A7BE3E-A5E7-4668-86BA-A4C0A0A021DF}.Debug|x86.Build.0 = Debug|Win32
		{48A7BE3E-A5E7-4668-86BA-A4C0A0A021DF}.Release|x64.ActiveCfg = Release|x64
		{48A7BE3E-A5E7-4668-86BA-A4C0A0A021DF}.Release|x64.Build.0 = Release|x64
		{48A7BE3E-A5E7-4668-86BA-A4C0A0A021DF}.Release|x86.ActiveCfg = Release|Win32
		{48A7BE3E-A5E7-4668-86BA-A4C0A0A021DF}.Release|x86.Build.0 = Release|Win32
		{11F5D2FD-6C09-4632-8B74-FC55C58DB6AE}.Debug|x64.ActiveCfg = Debug|x64
		{11F5D2FD-6C09-4632-8B74-FC55C58DB6AE}.Debug|x64.Build.0 = Debug|x64
		{11F5D2FD-6C09-4632-8B74-FC55C58DB6AE}.Debug|x86.ActiveCfg = Debug|Win32
		{11F5D2FD-6C09-4632-8B74-FC55C58DB6AE}.Debug|x86.Build.0 = Debug|Win32
		{11F5D2FD-6C09-4632-8B74-FC55C58DB6AE}.Release|x64.ActiveCfg = Release|x64
		{11F5D2FD-6C09-4632-8B74-FC55C58DB6AE}.Release|x64.Build.0 = Release|x64
		{11F5D2FD-6C09-4632-8B74-FC55C58DB6AE}.Release|x86.ActiveCfg = Release|Win32
		{11F5D2FD-6C09-4632-8B74-FC55C58DB6AE}.Release|x86.Build.0 = Release|Win32
		{21612463-FCD2-4410-864B-649A04750EA5}.Debug|x64.ActiveCfg = Debug|x64
		{21612463-FCD2-4410-864B-649A04750EA5}.Debug|x64.Build.0 = Debug|x64
		{21612463-FCD2-4410-864B-649A04750EA5}.Debug|x86.ActiveCfg = Debug|Win32
		{21612463-FCD2-4410-864B-649A04750EA5}.Debug|x86.Build.0 = Debug|Win32
		{21612463-FCD2-4410-864B-649A04750EA5}.Release|x64.ActiveCfg = Release|x64
		{21612463-FCD2-4410-864B-649A04750EA5}.Release|x64.Build.0 = Release|x64
		{21612463-FCD2-4410-864B-649A04750EA5}.Release|x86.ActiveCfg = Release|Win32
		{21612463-FCD2-4410-864B-649A04750EA5}.Release|x86.Build.0 = Release|Win32
		{190C8A31-A1F2-4033-A59B-68333A225EF0}.Debug|x64.ActiveCfg = Debug|x64
		{190C8A31-A1F2-4033-A59B-68333A225EF0}.Debug|x64.Build.0 = Debug|x64
		{190C8A31-A1F2-4033-A59B-68333A225EF0}.Debug|x86.ActiveCfg = Debug|Win32
		{190C8A31-A1F2-4033-A59B-68333A225EF0}.Debug|x86.Build.0 = Debug|Win32
		{190C8A31-A1F2-4033-A59B-68333A225EF0}.Release|x64.ActiveCfg = Release|x64
		{190C8A31-A1F2-4033-A59B-68333A225EF0}.Release|x64.Build.0 = Release|x64
		{190C8A31-A1F2-4033-A59B-68333A225EF0}.Release|x86.ActiveCfg = Release|Win32
		{190C8A31-A1F2-4033-A59B-68333A225EF0}.Release|x86.Build.0 = Release|Win32
		{046E636F-63B7-4300-B5C3-995BC657CC0D}.Debug|x64.ActiveCfg = Debug|x64
		{046E636F-63B7-4300-B5C3-995BC657CC0D}.Debug|x64.Build.0 = Debug|x64
		{046E636F-63B7-4300-B5C3-995BC657CC0D}.Debug|x86.ActiveCfg = Debug|Win32
		{046E636F-63B7-4300-B5C3-995BC657CC0D}.Debug|x86.Build.0 = Debug|Win32
		{046E636F-63B7-4300-B5C3-995BC657CC0D}.Release|x64.ActiveCfg = Release|x64
		{046E636F-63B7-4300-B5C3-995BC657CC0D}.Release|x64.Build.0 = Release|x64
		{046E636F-63B7-4300-B5C3-995BC657CC0D}.Release|x86.ActiveCfg = Release|Win32
		{046E636F-63B7-4300-B5C3-995BC657CC0D}.Release|x86.Build.0 = Release|Win32
	EndGlobalSection
	GlobalSection(SolutionProperties) = preSolution
		HideSolutionNode = FALSE
	EndGlobalSection
	GlobalSection(NestedProjects) = preSolution
		{364DBD0D-F42E-4EB6-AF25-ECC637F57922} = {8D12F6D2-817D-46A0-ABA6-B6A49844627E}
		{8E8251C2-F917-4DF1-8655-2590DDB18815} = {8D12F6D2-817D-46A0-ABA6-B6A49844627E}
		{E5159A29-3AD4-4698-8B19-E3361269B7B0} = {8D12F6D2-817D-46A0-ABA6-B6A49844627E}
		{D20D0C67-712F-4FDD-BFE0-D6501A128B12} = {8D12F6D2-817D-46A0-ABA6-B6A49844627E}
		{ABD6A0B9-D1A6-4942-AFF7-96D14F4D9EEA} = {8D12F6D2-817D-46A0-ABA6-B6A49844627E}
		{0D0B1418-7EDB-406E-AF3D-E7B0C25CFB42} = {2536D2CA-174F-4D49-AB58-C97EA9D7E655}
		{481D4E48-1642-4CDD-B37F-9A8E490E107D} = {8D12F6D2-817D-46A0-ABA6-B6A49844627E}
		{8D31A3CA-A2D1-4812-9910-A826A4069FC9} = {8D12F6D2-817D-46A0-ABA6-B6A49844627E}
		{EF48FC2E-A7B7-405D-9B13-84E6236E05C0} = {8D12F6D2-817D-46A0-ABA6-B6A49844627E}
		{06305126-022F-4BFF-9023-0D06B79EFCE3} = {8D12F6D2-817D-46A0-ABA6-B6A49844627E}
		{E1E217EA-940A-43F4-99AD-96A57599583C} = {8D12F6D2-817D-46A0-ABA6-B6A49844627E}
		{07337A93-67C8-4038-BD08-E1056E490FFB} = {8D12F6D2-817D-46A0-ABA6-B6A49844627E}
		{4523E104-E13F-421D-AC93-91A0C673E8CF} = {8D12F6D2-817D-46A0-ABA6-B6A49844627E}
		{E072E549-2163-4658-8B66-B4C3F4689585} = {8D12F6D2-817D-46A0-ABA6-B6A49844627E}
		{4F852952-2878-4484-9C65-1079E56FA392} = {8D12F6D2-817D-46A0-ABA6-B6A49844627E}
		{28B7C44F-016E-4FEC-9432-B76EB1238F4A} = {8D12F6D2-817D-46A0-ABA6-B6A49844627E}
		{BAAF9DA9-AC41-44F9-8FE6-9694E53B7922} = {8D12F6D2-817D-46A0-ABA6-B6A49844627E}
		{58E5B7BE-6DD6-47A6-AA6D-5107414DB1ED} = {8D12F6D2-817D-46A0-ABA6-B6A49844627E}
		{256DF216-8E49-4160-BA9B-E41850F4D8B4} = {8D12F6D2-817D-46A0-ABA6-B6A49844627E}
		{332B2F5E-E867-4247-86EB-B67C465FB59B} = {8D12F6D2-817D-46A0-ABA6-B6A49844627E}
		{C3BC67AC-366B-4220-AFB2-82DD51F8D0C3} = {8D12F6D2-817D-46A0-ABA6-B6A49844627E}
		{2D270543-F9B1-4653-BCD2-C713ABB08811} = {8D12F6D2-817D-46A0-ABA6-B6A49844627E}
		{9A8B1654-63A8-433A-A461-831470437D85} = {8D12F6D2-817D-46A0-ABA6-B6A49844627E}
		{EB46924E-AC74-46AD-9D13-02282A5300A3} = {8D12F6D2-817D-46A0-ABA6-B6A49844627E}
		{23440BDB-D238-4778-98B4-A80C4B04978D} = {8D12F6D2-817D-46A0-ABA6-B6A49844627E}
		{A5FAB08E-0E7B-48A9-B3D6-2D4ED4B04184} = {8D12F6D2-817D-46A0-ABA6-B6A49844627E}
		{1EA10E2C-91EF-48F3-9774-40805EC57A04} = {8D12F6D2-817D-46A0-ABA6-B6A49844627E}
		{08AF2CD7-6103-4AE2-90C5-810C278C5CEE} = {8D12F6D2-817D-46A0-ABA6-B6A49844627E}
		{50ADE0D5-50DB-4D1A-B806-FAEAE1EAF356} = {8D12F6D2-817D-46A0-ABA6-B6A49844627E}
		{DE0C3014-B53D-488F-BCEE-84C92125F6C7} = {8D12F6D2-817D-46A0-ABA6-B6A49844627E}
		{93D9FF89-7AA5-4E32-9FC1-3D055CA2D09A} = {8D12F6D2-817D-46A0-ABA6-B6A49844627E}
		{43C3EA0F-81A9-493B-924C-EB8A21D8A146} = {8D12F6D2-817D-46A0-ABA6-B6A49844627E}
		{BE52E370-0383-4A9A-971D-9176EAED30B2} = {8D12F6D2-817D-46A0-ABA6-B6A49844627E}
		{D6F940E0-85AD-4F31-B7ED-0703566194F6} = {8D12F6D2-817D-46A0-ABA6-B6A49844627E}
		{FD6DF295-FC72-4E1D-A673-CACD5B151574} = {8D12F6D2-817D-46A0-ABA6-B6A49844627E}
		{427476F4-F7EC-4F06-897A-5C7CB641C78D} = {614A7EDD-B013-4695-AD51-C1F80676D979}
		{66BC76CE-423B-462B-B709-D1038FB9FEB0} = {614A7EDD-B013-4695-AD51-C1F80676D979}
		{8B863FB3-32BC-49AB-A7F4-BFB1C261395B} = {614A7EDD-B013-4695-AD51-C1F80676D979}
		{C6AA4979-8C5B-4DC8-9B0A-0CC8F6F5741D} = {614A7EDD-B013-4695-AD51-C1F80676D979}
		{E7120029-D4CA-43A0-9FBD-7AB2E3A15B09} = {614A7EDD-B013-4695-AD51-C1F80676D979}
		{C861768F-F662-4AE5-9BC4-F471F8DCEB6E} = {614A7EDD-B013-4695-AD51-C1F80676D979}
		{BE2CC15B-047E-4BF4-90B6-AD3E06C24E4D} = {614A7EDD-B013-4695-AD51-C1F80676D979}
		{6B39AEF8-5639-441B-A880-B3F9E88A075B} = {614A7EDD-B013-4695-AD51-C1F80676D979}
		{F1D11EE1-8656-4524-B011-DF5A2AF32910} = {614A7EDD-B013-4695-AD51-C1F80676D979}
		{9B8B3163-43ED-4708-9ED0-D19685A451EA} = {614A7EDD-B013-4695-AD51-C1F80676D979}
		{6B83A52E-5368-44DC-BDC3-18484374A153} = {614A7EDD-B013-4695-AD51-C1F80676D979}
		{9E6E2C2D-E617-4963-95C2-9BB032253320} = {614A7EDD-B013-4695-AD51-C1F80676D979}
		{B1F2A051-7E83-4827-B850-D51E3C6097FA} = {614A7EDD-B013-4695-AD51-C1F80676D979}
		{E0309902-2C43-42CA-86F2-5151141570D2} = {614A7EDD-B013-4695-AD51-C1F80676D979}
		{7DFA0AA9-34A7-4F95-8352-8A64CCF886C9} = {614A7EDD-B013-4695-AD51-C1F80676D979}
		{6BC5260B-9E3D-4CED-ABD4-EAC3FBB48126} = {614A7EDD-B013-4695-AD51-C1F80676D979}
		{C9CD0D66-A335-413A-9670-69161E381E3A} = {614A7EDD-B013-4695-AD51-C1F80676D979}
		{13690670-C86B-4F53-9955-5EDA19512495} = {614A7EDD-B013-4695-AD51-C1F80676D979}
		{EC19FFEA-980D-4C43-A98F-329AC7611178} = {614A7EDD-B013-4695-AD51-C1F80676D979}
		{D7C40E44-02E2-4C3A-B1EF-E556FBD53EB2} = {614A7EDD-B013-4695-AD51-C1F80676D979}
		{99B98DAC-FA5E-48C3-8878-55E616F8FD6C} = {614A7EDD-B013-4695-AD51-C1F80676D979}
		{EF6AEED3-507D-4283-BF61-79A913312436} = {614A7EDD-B013-4695-AD51-C1F80676D979}
		{A5A327B5-75C9-4817-A095-F76C4E6011E9} = {614A7EDD-B013-4695-AD51-C1F80676D979}
		{F9E9DED5-F86A-46B0-A2C8-F547E26A6597} = {2536D2CA-174F-4D49-AB58-C97EA9D7E655}
		{05474845-3533-473A-A10C-953FECF58EAF} = {614A7EDD-B013-4695-AD51-C1F80676D979}
		{E3F88D47-AB0A-4F29-9313-49DC467648F4} = {614A7EDD-B013-4695-AD51-C1F80676D979}
		{146EA9C0-2E40-42BE-A3A9-C80E63A78C01} = {614A7EDD-B013-4695-AD51-C1F80676D979}
		{AFEAE42F-233A-46F0-B1C7-CEBCFCEA6739} = {2536D2CA-174F-4D49-AB58-C97EA9D7E655}
		{79459576-B6E1-4E2A-8442-04C73E4CB65C} = {2536D2CA-174F-4D49-AB58-C97EA9D7E655}
		{44B69AE8-97E0-4E9F-BF67-38B6F67910BD} = {2536D2CA-174F-4D49-AB58-C97EA9D7E655}
		{993F3CB5-E22C-4A42-B396-AEE84A6D67D5} = {2536D2CA-174F-4D49-AB58-C97EA9D7E655}
		{37FCE365-5FB1-4054-9BAD-45A6E32787A8} = {614A7EDD-B013-4695-AD51-C1F80676D979}
		{CF5B7708-1663-4024-938F-B615C98657AE} = {614A7EDD-B013-4695-AD51-C1F80676D979}
		{5A6D11CB-1FFB-43B7-9343-46A1D23A21B7} = {614A7EDD-B013-4695-AD51-C1F80676D979}
		{993BB99B-C3E2-471C-B8B9-F06154AD79F7} = {614A7EDD-B013-4695-AD51-C1F80676D979}
		{8866DE4C-E75F-4072-92D2-6C26CC7BE503} = {614A7EDD-B013-4695-AD51-C1F80676D979}
		{3BA88AB0-5C11-4438-85C5-D1A070EB997C} = {614A7EDD-B013-4695-AD51-C1F80676D979}
		{5ABE5BE9-27BE-4377-9E44-69D3EA253AC0} = {614A7EDD-B013-4695-AD51-C1F80676D979}
		{48A7BE3E-A5E7-4668-86BA-A4C0A0A021DF} = {614A7EDD-B013-4695-AD51-C1F80676D979}
		{11F5D2FD-6C09-4632-8B74-FC55C58DB6AE} = {614A7EDD-B013-4695-AD51-C1F80676D979}
		{21612463-FCD2-4410-864B-649A04750EA5} = {614A7EDD-B013-4695-AD51-C1F80676D979}
		{190C8A31-A1F2-4033-A59B-68333A225EF0} = {614A7EDD-B013-4695-AD51-C1F80676D979}
		{046E636F-63B7-4300-B5C3-995BC657CC0D} = {614A7EDD-B013-4695-AD51-C1F80676D979}
	EndGlobalSection
	GlobalSection(ExtensibilityGlobals) = postSolution
		SolutionGuid = {5CFF8ADD-531A-471A-8D49-3235A08F4B03}
	EndGlobalSection
EndGlobal
